// !$*UTF8*$!
{
	archiveVersion = 1;
	classes = {
	};
	objectVersion = 46;
	objects = {

/* Begin PBXBuildFile section */
		6C06E9A51FF36C9C0054B339 /* ViewController.swift in Sources */ = {isa = PBXBuildFile; fileRef = 6C06E9A41FF36C9C0054B339 /* ViewController.swift */; };
		6C06E9B81FF36C9C0054B339 /* qzhAppTests.swift in Sources */ = {isa = PBXBuildFile; fileRef = 6C06E9B71FF36C9C0054B339 /* qzhAppTests.swift */; };
		6C06E9C31FF36C9D0054B339 /* qzhAppUITests.swift in Sources */ = {isa = PBXBuildFile; fileRef = 6C06E9C21FF36C9D0054B339 /* qzhAppUITests.swift */; };
		6C06EAB91FF36D710054B339 /* Assets.xcassets in Resources */ = {isa = PBXBuildFile; fileRef = 6C06E9D41FF36D700054B339 /* Assets.xcassets */; };
		6C06EB6B1FF36D710054B339 /* LaunchScreen.storyboard in Resources */ = {isa = PBXBuildFile; fileRef = 6C06EAB41FF36D710054B339 /* LaunchScreen.storyboard */; };
		6C06EB6C1FF36D710054B339 /* Main.storyboard in Resources */ = {isa = PBXBuildFile; fileRef = 6C06EAB61FF36D710054B339 /* Main.storyboard */; };
		6C06EBB61FF370750054B339 /* Info.plist in Resources */ = {isa = PBXBuildFile; fileRef = 6C06EBB51FF370750054B339 /* Info.plist */; };
		6C06EBB91FF370830054B339 /* AppDelegate.swift in Sources */ = {isa = PBXBuildFile; fileRef = 6C06EBB81FF370830054B339 /* AppDelegate.swift */; };
		6C06EBD91FF3718D0054B339 /* NetWork.swift in Sources */ = {isa = PBXBuildFile; fileRef = 6C06EBD81FF3718D0054B339 /* NetWork.swift */; };
		6C06EBE81FF374A30054B339 /* HeaderController.swift in Sources */ = {isa = PBXBuildFile; fileRef = 6C06EBE71FF374A30054B339 /* HeaderController.swift */; };
		6C06EBEA1FF3750C0054B339 /* PublicFunc.swift in Sources */ = {isa = PBXBuildFile; fileRef = 6C06EBE91FF3750C0054B339 /* PublicFunc.swift */; };
		6C06EBEC1FF375F20054B339 /* CacheFunc.swift in Sources */ = {isa = PBXBuildFile; fileRef = 6C06EBEB1FF375F20054B339 /* CacheFunc.swift */; };
		6C06EBEE1FF376A40054B339 /* imgClass.swift in Sources */ = {isa = PBXBuildFile; fileRef = 6C06EBED1FF376A40054B339 /* imgClass.swift */; };
		6C06EBF01FF377070054B339 /* PublicButton.swift in Sources */ = {isa = PBXBuildFile; fileRef = 6C06EBEF1FF377070054B339 /* PublicButton.swift */; };
		6C06EBF21FF3779A0054B339 /* MenuController.swift in Sources */ = {isa = PBXBuildFile; fileRef = 6C06EBF11FF3779A0054B339 /* MenuController.swift */; };
		6C06EBF41FF3792F0054B339 /* MyColor.swift in Sources */ = {isa = PBXBuildFile; fileRef = 6C06EBF31FF3792F0054B339 /* MyColor.swift */; };
		6C0C3CAB200496D800AD40D9 /* QZHVisitorView.swift in Sources */ = {isa = PBXBuildFile; fileRef = 6C0C3CAA200496D800AD40D9 /* QZHVisitorView.swift */; };
		6C0C3CCC20049F8B00AD40D9 /* QZHNetworkManager.swift in Sources */ = {isa = PBXBuildFile; fileRef = 6C0C3CCB20049F8B00AD40D9 /* QZHNetworkManager.swift */; };
		6C0C3CD42004B19400AD40D9 /* QZHNetworkManager_Extension.swift in Sources */ = {isa = PBXBuildFile; fileRef = 6C0C3CD32004B19400AD40D9 /* QZHNetworkManager_Extension.swift */; };
		6C0C3CF02004BDBF00AD40D9 /* QZHStatus.swift in Sources */ = {isa = PBXBuildFile; fileRef = 6C0C3CEF2004BDBF00AD40D9 /* QZHStatus.swift */; };
		6C0C3CF62004C29F00AD40D9 /* QZHEnterprisePortalModel.swift in Sources */ = {isa = PBXBuildFile; fileRef = 6C0C3CF52004C29F00AD40D9 /* QZHEnterprisePortalModel.swift */; };
		6C0C3CF82004C2AC00AD40D9 /* QZHEnterprisePortalViewModel.swift in Sources */ = {isa = PBXBuildFile; fileRef = 6C0C3CF72004C2AC00AD40D9 /* QZHEnterprisePortalViewModel.swift */; };
		6C0C3CFA20059F0200AD40D9 /* QZHEnterprisePortalViewController.swift in Sources */ = {isa = PBXBuildFile; fileRef = 6C0C3CF920059F0200AD40D9 /* QZHEnterprisePortalViewController.swift */; };
		6C0C3D052005B72800AD40D9 /* QZHEnterprisePortalStatusCell.swift in Sources */ = {isa = PBXBuildFile; fileRef = 6C0C3D042005B72800AD40D9 /* QZHEnterprisePortalStatusCell.swift */; };
		6C0C3D072005B74D00AD40D9 /* QZHEnterprisePortalStatusCell.xib in Resources */ = {isa = PBXBuildFile; fileRef = 6C0C3D062005B74D00AD40D9 /* QZHEnterprisePortalStatusCell.xib */; };
		6C0C3D1C2005F40400AD40D9 /* QZHEnterprisePortalCompanyViewModel.swift in Sources */ = {isa = PBXBuildFile; fileRef = 6C0C3D1B2005F40400AD40D9 /* QZHEnterprisePortalCompanyViewModel.swift */; };
		6C0F6D6B200728E300CA1509 /* QZHCommon.swift in Sources */ = {isa = PBXBuildFile; fileRef = 6C0F6D6A200728E300CA1509 /* QZHCommon.swift */; };
		6C122DA81FF47D4B0043EA67 /* EnterprisePortalViewModel.swift in Sources */ = {isa = PBXBuildFile; fileRef = 6C122DA71FF47D4B0043EA67 /* EnterprisePortalViewModel.swift */; };
		6C122DAA1FF498BF0043EA67 /* labelView.swift in Sources */ = {isa = PBXBuildFile; fileRef = 6C122DA91FF498BF0043EA67 /* labelView.swift */; };
		6C123D4F1FF4BA240043EA67 /* Alamofire.framework in Frameworks */ = {isa = PBXBuildFile; fileRef = 6C123CF31FF4B9D30043EA67 /* Alamofire.framework */; };
		6C123D501FF4BA240043EA67 /* Alamofire.framework in Embed Frameworks */ = {isa = PBXBuildFile; fileRef = 6C123CF31FF4B9D30043EA67 /* Alamofire.framework */; settings = {ATTRIBUTES = (CodeSignOnCopy, RemoveHeadersOnCopy, ); }; };
		6C3DD2351FFB82200022E582 /* address.plist in Resources */ = {isa = PBXBuildFile; fileRef = 6C3DD2331FFB82200022E582 /* address.plist */; };
		6C3DD2361FFB82200022E582 /* provincesThreeLevelCascade.swift in Sources */ = {isa = PBXBuildFile; fileRef = 6C3DD2341FFB82200022E582 /* provincesThreeLevelCascade.swift */; };
		6C4D77B81FFC5EF500581221 /* companyInfo.swift in Sources */ = {isa = PBXBuildFile; fileRef = 6C4D77B61FFC5EF500581221 /* companyInfo.swift */; };
		6C4D77B91FFC5EF500581221 /* EnterprisePortalController.swift in Sources */ = {isa = PBXBuildFile; fileRef = 6C4D77B71FFC5EF500581221 /* EnterprisePortalController.swift */; };
		6C4D77D51FFC63AC00581221 /* companyInfoViewModel.swift in Sources */ = {isa = PBXBuildFile; fileRef = 6C4D77D41FFC63AC00581221 /* companyInfoViewModel.swift */; };
		6C4D9CE72003024500F2D22F /* main.json in Resources */ = {isa = PBXBuildFile; fileRef = 6C4D9CE62003024500F2D22F /* main.json */; };
		6C4D9CEC2003215700F2D22F /* QZHNavigationCobtroller.swift in Sources */ = {isa = PBXBuildFile; fileRef = 6C4D9CEB2003215700F2D22F /* QZHNavigationCobtroller.swift */; };
		6C4D9CEE200321A600F2D22F /* QZHBaseViewController.swift in Sources */ = {isa = PBXBuildFile; fileRef = 6C4D9CED200321A600F2D22F /* QZHBaseViewController.swift */; };
		6C4D9CF02003222100F2D22F /* QZHHomeViewController.swift in Sources */ = {isa = PBXBuildFile; fileRef = 6C4D9CEF2003222100F2D22F /* QZHHomeViewController.swift */; };
		6C4D9CF42003237B00F2D22F /* QZHMainViewController.swift in Sources */ = {isa = PBXBuildFile; fileRef = 6C4D9CF32003237B00F2D22F /* QZHMainViewController.swift */; };
		6C4D9D3C20033B5D00F2D22F /* NSArray+Log.m in Sources */ = {isa = PBXBuildFile; fileRef = 6C4D9D1E20033B5D00F2D22F /* NSArray+Log.m */; };
		6C4D9D3D20033B5D00F2D22F /* NSAttributedString+CZAdditon.m in Sources */ = {isa = PBXBuildFile; fileRef = 6C4D9D2020033B5D00F2D22F /* NSAttributedString+CZAdditon.m */; };
		6C4D9D3E20033B5D00F2D22F /* NSObject+CZRuntime.m in Sources */ = {isa = PBXBuildFile; fileRef = 6C4D9D2220033B5D00F2D22F /* NSObject+CZRuntime.m */; };
		6C4D9D3F20033B5D00F2D22F /* NSString+CZBase64.m in Sources */ = {isa = PBXBuildFile; fileRef = 6C4D9D2420033B5D00F2D22F /* NSString+CZBase64.m */; };
		6C4D9D4020033B5D00F2D22F /* NSString+CZHash.m in Sources */ = {isa = PBXBuildFile; fileRef = 6C4D9D2620033B5D00F2D22F /* NSString+CZHash.m */; };
		6C4D9D4120033B5D00F2D22F /* NSString+CZPath.m in Sources */ = {isa = PBXBuildFile; fileRef = 6C4D9D2820033B5D00F2D22F /* NSString+CZPath.m */; };
		6C4D9D4220033B5D00F2D22F /* UIButton+CZAddition.m in Sources */ = {isa = PBXBuildFile; fileRef = 6C4D9D2A20033B5D00F2D22F /* UIButton+CZAddition.m */; };
		6C4D9D4320033B5D00F2D22F /* UIColor+CZAddition.m in Sources */ = {isa = PBXBuildFile; fileRef = 6C4D9D2C20033B5D00F2D22F /* UIColor+CZAddition.m */; };
		6C4D9D4420033B5D00F2D22F /* UILabel+CZAddition.m in Sources */ = {isa = PBXBuildFile; fileRef = 6C4D9D2E20033B5D00F2D22F /* UILabel+CZAddition.m */; };
		6C4D9D4520033B5D00F2D22F /* UIScreen+CZAddition.m in Sources */ = {isa = PBXBuildFile; fileRef = 6C4D9D3020033B5D00F2D22F /* UIScreen+CZAddition.m */; };
		6C4D9D4620033B5D00F2D22F /* UIView+CZAddition.m in Sources */ = {isa = PBXBuildFile; fileRef = 6C4D9D3220033B5D00F2D22F /* UIView+CZAddition.m */; };
		6C4D9D4720033B5D00F2D22F /* UIViewController+CZAddition.m in Sources */ = {isa = PBXBuildFile; fileRef = 6C4D9D3420033B5D00F2D22F /* UIViewController+CZAddition.m */; };
		6C4D9D4820033B5D00F2D22F /* Bundle+Extensions.swift in Sources */ = {isa = PBXBuildFile; fileRef = 6C4D9D3620033B5D00F2D22F /* Bundle+Extensions.swift */; };
		6C4D9D5120034D8800F2D22F /* QZHDemoViewController.swift in Sources */ = {isa = PBXBuildFile; fileRef = 6C4D9D5020034D8800F2D22F /* QZHDemoViewController.swift */; };
		6C4D9D5320035E2000F2D22F /* UIBarButtonItem+Extensions.swift in Sources */ = {isa = PBXBuildFile; fileRef = 6C4D9D5220035E2000F2D22F /* UIBarButtonItem+Extensions.swift */; };
		6C98C36A1FF4E23700F598CB /* RxSwift.framework in Frameworks */ = {isa = PBXBuildFile; fileRef = 6C98C3411FF4E22900F598CB /* RxSwift.framework */; };
		6C98C36B1FF4E23700F598CB /* RxSwift.framework in Embed Frameworks */ = {isa = PBXBuildFile; fileRef = 6C98C3411FF4E22900F598CB /* RxSwift.framework */; settings = {ATTRIBUTES = (CodeSignOnCopy, RemoveHeadersOnCopy, ); }; };
		6C98C36E1FF4E25E00F598CB /* RxCocoa.framework in Frameworks */ = {isa = PBXBuildFile; fileRef = 6C98C3491FF4E22900F598CB /* RxCocoa.framework */; };
		6C98C36F1FF4E25E00F598CB /* RxCocoa.framework in Embed Frameworks */ = {isa = PBXBuildFile; fileRef = 6C98C3491FF4E22900F598CB /* RxCocoa.framework */; settings = {ATTRIBUTES = (CodeSignOnCopy, RemoveHeadersOnCopy, ); }; };
		6C98C3761FF4EE3B00F598CB /* EnterprisePortalView.swift in Sources */ = {isa = PBXBuildFile; fileRef = 6C98C3751FF4EE3B00F598CB /* EnterprisePortalView.swift */; };
		6C98C3781FF4F0CF00F598CB /* viewController.swift in Sources */ = {isa = PBXBuildFile; fileRef = 6C98C3771FF4F0CF00F598CB /* viewController.swift */; };
		6CDF02931FF5E42400EFB5A7 /* tabelViewController.swift in Sources */ = {isa = PBXBuildFile; fileRef = 6CDF02921FF5E42400EFB5A7 /* tabelViewController.swift */; };
		6CDF02AF1FF5ECC300EFB5A7 /* scrolliew.swift in Sources */ = {isa = PBXBuildFile; fileRef = 6CDF02AE1FF5ECC300EFB5A7 /* scrolliew.swift */; };
		6CDF02B31FF60B8D00EFB5A7 /* protocol.swift in Sources */ = {isa = PBXBuildFile; fileRef = 6CDF02B21FF60B8D00EFB5A7 /* protocol.swift */; };
		6CDF02B91FF61E2D00EFB5A7 /* Public.swift in Sources */ = {isa = PBXBuildFile; fileRef = 6CDF02B81FF61E2D00EFB5A7 /* Public.swift */; };
		6CED4B573A67A3FA994A0883 /* Pods_qzhApp.framework in Frameworks */ = {isa = PBXBuildFile; fileRef = 3A84509780FA264256C87F1E /* Pods_qzhApp.framework */; };
		6CFD403B1FFCD93300B36D74 /* pickerView.swift in Sources */ = {isa = PBXBuildFile; fileRef = 6CFD403A1FFCD93300B36D74 /* pickerView.swift */; };
/* End PBXBuildFile section */

/* Begin PBXContainerItemProxy section */
		6C06E9B41FF36C9C0054B339 /* PBXContainerItemProxy */ = {
			isa = PBXContainerItemProxy;
			containerPortal = 6C06E9971FF36C9C0054B339 /* Project object */;
			proxyType = 1;
			remoteGlobalIDString = 6C06E99E1FF36C9C0054B339;
			remoteInfo = qzhApp;
		};
		6C06E9BF1FF36C9C0054B339 /* PBXContainerItemProxy */ = {
			isa = PBXContainerItemProxy;
			containerPortal = 6C06E9971FF36C9C0054B339 /* Project object */;
			proxyType = 1;
			remoteGlobalIDString = 6C06E99E1FF36C9C0054B339;
			remoteInfo = qzhApp;
		};
		6C123CF21FF4B9D30043EA67 /* PBXContainerItemProxy */ = {
			isa = PBXContainerItemProxy;
			containerPortal = 6C123CE71FF4B9D30043EA67 /* Alamofire.xcodeproj */;
			proxyType = 2;
			remoteGlobalIDString = F8111E3319A95C8B0040E7D1;
			remoteInfo = "Alamofire iOS";
		};
		6C123CF41FF4B9D30043EA67 /* PBXContainerItemProxy */ = {
			isa = PBXContainerItemProxy;
			containerPortal = 6C123CE71FF4B9D30043EA67 /* Alamofire.xcodeproj */;
			proxyType = 2;
			remoteGlobalIDString = F8111E3E19A95C8B0040E7D1;
			remoteInfo = "Alamofire iOS Tests";
		};
		6C123CF61FF4B9D30043EA67 /* PBXContainerItemProxy */ = {
			isa = PBXContainerItemProxy;
			containerPortal = 6C123CE71FF4B9D30043EA67 /* Alamofire.xcodeproj */;
			proxyType = 2;
			remoteGlobalIDString = 4DD67C0B1A5C55C900ED2280;
			remoteInfo = "Alamofire macOS";
		};
		6C123CF81FF4B9D30043EA67 /* PBXContainerItemProxy */ = {
			isa = PBXContainerItemProxy;
			containerPortal = 6C123CE71FF4B9D30043EA67 /* Alamofire.xcodeproj */;
			proxyType = 2;
			remoteGlobalIDString = F829C6B21A7A94F100A2CD59;
			remoteInfo = "Alamofire macOS Tests";
		};
		6C123CFA1FF4B9D30043EA67 /* PBXContainerItemProxy */ = {
			isa = PBXContainerItemProxy;
			containerPortal = 6C123CE71FF4B9D30043EA67 /* Alamofire.xcodeproj */;
			proxyType = 2;
			remoteGlobalIDString = 4CF626EF1BA7CB3E0011A099;
			remoteInfo = "Alamofire tvOS";
		};
		6C123CFC1FF4B9D30043EA67 /* PBXContainerItemProxy */ = {
			isa = PBXContainerItemProxy;
			containerPortal = 6C123CE71FF4B9D30043EA67 /* Alamofire.xcodeproj */;
			proxyType = 2;
			remoteGlobalIDString = 4CF626F81BA7CB3E0011A099;
			remoteInfo = "Alamofire tvOS Tests";
		};
		6C123CFE1FF4B9D30043EA67 /* PBXContainerItemProxy */ = {
			isa = PBXContainerItemProxy;
			containerPortal = 6C123CE71FF4B9D30043EA67 /* Alamofire.xcodeproj */;
			proxyType = 2;
			remoteGlobalIDString = E4202FE01B667AA100C997FB;
			remoteInfo = "Alamofire watchOS";
		};
		6C123D511FF4BA240043EA67 /* PBXContainerItemProxy */ = {
			isa = PBXContainerItemProxy;
			containerPortal = 6C123CE71FF4B9D30043EA67 /* Alamofire.xcodeproj */;
			proxyType = 1;
			remoteGlobalIDString = F8111E3219A95C8B0040E7D1;
			remoteInfo = "Alamofire iOS";
		};
		6C98C3401FF4E22900F598CB /* PBXContainerItemProxy */ = {
			isa = PBXContainerItemProxy;
			containerPortal = 6C98C3281FF4E22800F598CB /* Rx.xcodeproj */;
			proxyType = 2;
			remoteGlobalIDString = C8A56AD71AD7424700B4673B;
			remoteInfo = "RxSwift-iOS";
		};
		6C98C3421FF4E22900F598CB /* PBXContainerItemProxy */ = {
			isa = PBXContainerItemProxy;
			containerPortal = 6C98C3281FF4E22800F598CB /* Rx.xcodeproj */;
			proxyType = 2;
			remoteGlobalIDString = C88BB8711B07E5ED0064D411;
			remoteInfo = "RxSwift-macOS";
		};
		6C98C3441FF4E22900F598CB /* PBXContainerItemProxy */ = {
			isa = PBXContainerItemProxy;
			containerPortal = 6C98C3281FF4E22800F598CB /* Rx.xcodeproj */;
			proxyType = 2;
			remoteGlobalIDString = D2EA280C1BB9B5A200880ED3;
			remoteInfo = "RxSwift-tvOS";
		};
		6C98C3461FF4E22900F598CB /* PBXContainerItemProxy */ = {
			isa = PBXContainerItemProxy;
			containerPortal = 6C98C3281FF4E22800F598CB /* Rx.xcodeproj */;
			proxyType = 2;
			remoteGlobalIDString = C8F0C0021BBBFB8B001B112F;
			remoteInfo = "RxSwift-watchOS";
		};
		6C98C3481FF4E22900F598CB /* PBXContainerItemProxy */ = {
			isa = PBXContainerItemProxy;
			containerPortal = 6C98C3281FF4E22800F598CB /* Rx.xcodeproj */;
			proxyType = 2;
			remoteGlobalIDString = C809396D1B8A71760088E94D;
			remoteInfo = "RxCocoa-iOS";
		};
		6C98C34A1FF4E22900F598CB /* PBXContainerItemProxy */ = {
			isa = PBXContainerItemProxy;
			containerPortal = 6C98C3281FF4E22800F598CB /* Rx.xcodeproj */;
			proxyType = 2;
			remoteGlobalIDString = C80939E71B8A71840088E94D;
			remoteInfo = "RxCocoa-macOS";
		};
		6C98C34C1FF4E22900F598CB /* PBXContainerItemProxy */ = {
			isa = PBXContainerItemProxy;
			containerPortal = 6C98C3281FF4E22800F598CB /* Rx.xcodeproj */;
			proxyType = 2;
			remoteGlobalIDString = D2138C751BB9BE9800339B5C;
			remoteInfo = "RxCocoa-tvOS";
		};
		6C98C34E1FF4E22900F598CB /* PBXContainerItemProxy */ = {
			isa = PBXContainerItemProxy;
			containerPortal = 6C98C3281FF4E22800F598CB /* Rx.xcodeproj */;
			proxyType = 2;
			remoteGlobalIDString = C8F0C04B1BBBFBB9001B112F;
			remoteInfo = "RxCocoa-watchOS";
		};
		6C98C3501FF4E22900F598CB /* PBXContainerItemProxy */ = {
			isa = PBXContainerItemProxy;
			containerPortal = 6C98C3281FF4E22800F598CB /* Rx.xcodeproj */;
			proxyType = 2;
			remoteGlobalIDString = C8093BC71B8A71F00088E94D;
			remoteInfo = "RxBlocking-iOS";
		};
		6C98C3521FF4E22900F598CB /* PBXContainerItemProxy */ = {
			isa = PBXContainerItemProxy;
			containerPortal = 6C98C3281FF4E22800F598CB /* Rx.xcodeproj */;
			proxyType = 2;
			remoteGlobalIDString = C8093C451B8A71FC0088E94D;
			remoteInfo = "RxBlocking-macOS";
		};
		6C98C3541FF4E22900F598CB /* PBXContainerItemProxy */ = {
			isa = PBXContainerItemProxy;
			containerPortal = 6C98C3281FF4E22800F598CB /* Rx.xcodeproj */;
			proxyType = 2;
			remoteGlobalIDString = D2EBEB811BB9B99D003A27DC;
			remoteInfo = "RxBlocking-tvOS";
		};
		6C98C3561FF4E22900F598CB /* PBXContainerItemProxy */ = {
			isa = PBXContainerItemProxy;
			containerPortal = 6C98C3281FF4E22800F598CB /* Rx.xcodeproj */;
			proxyType = 2;
			remoteGlobalIDString = C8F0C0581BBBFBCE001B112F;
			remoteInfo = "RxBlocking-watchOS";
		};
		6C98C3581FF4E22900F598CB /* PBXContainerItemProxy */ = {
			isa = PBXContainerItemProxy;
			containerPortal = 6C98C3281FF4E22800F598CB /* Rx.xcodeproj */;
			proxyType = 2;
			remoteGlobalIDString = C88FA50C1C25C44800CCFEA4;
			remoteInfo = "RxTest-iOS";
		};
		6C98C35A1FF4E22900F598CB /* PBXContainerItemProxy */ = {
			isa = PBXContainerItemProxy;
			containerPortal = 6C98C3281FF4E22800F598CB /* Rx.xcodeproj */;
			proxyType = 2;
			remoteGlobalIDString = C88FA51D1C25C4B500CCFEA4;
			remoteInfo = "RxTest-macOS";
		};
		6C98C35C1FF4E22900F598CB /* PBXContainerItemProxy */ = {
			isa = PBXContainerItemProxy;
			containerPortal = 6C98C3281FF4E22800F598CB /* Rx.xcodeproj */;
			proxyType = 2;
			remoteGlobalIDString = C88FA52E1C25C4C000CCFEA4;
			remoteInfo = "RxTest-tvOS";
		};
		6C98C35E1FF4E22900F598CB /* PBXContainerItemProxy */ = {
			isa = PBXContainerItemProxy;
			containerPortal = 6C98C3281FF4E22800F598CB /* Rx.xcodeproj */;
			proxyType = 2;
			remoteGlobalIDString = C88FA53F1C25C4CC00CCFEA4;
			remoteInfo = "RxTest-watchOS";
		};
		6C98C3601FF4E22900F598CB /* PBXContainerItemProxy */ = {
			isa = PBXContainerItemProxy;
			containerPortal = 6C98C3281FF4E22800F598CB /* Rx.xcodeproj */;
			proxyType = 2;
			remoteGlobalIDString = C83508C31C386F6F0027C24C;
			remoteInfo = "AllTests-iOS";
		};
		6C98C3621FF4E22900F598CB /* PBXContainerItemProxy */ = {
			isa = PBXContainerItemProxy;
			containerPortal = 6C98C3281FF4E22800F598CB /* Rx.xcodeproj */;
			proxyType = 2;
			remoteGlobalIDString = C83509841C38740E0027C24C;
			remoteInfo = "AllTests-tvOS";
		};
		6C98C3641FF4E22900F598CB /* PBXContainerItemProxy */ = {
			isa = PBXContainerItemProxy;
			containerPortal = 6C98C3281FF4E22800F598CB /* Rx.xcodeproj */;
			proxyType = 2;
			remoteGlobalIDString = C83509941C38742C0027C24C;
			remoteInfo = "AllTests-macOS";
		};
		6C98C3661FF4E22900F598CB /* PBXContainerItemProxy */ = {
			isa = PBXContainerItemProxy;
			containerPortal = 6C98C3281FF4E22800F598CB /* Rx.xcodeproj */;
			proxyType = 2;
			remoteGlobalIDString = C85BA04B1C3878740075D68E;
			remoteInfo = Microoptimizations;
		};
		6C98C3681FF4E22900F598CB /* PBXContainerItemProxy */ = {
			isa = PBXContainerItemProxy;
			containerPortal = 6C98C3281FF4E22800F598CB /* Rx.xcodeproj */;
			proxyType = 2;
			remoteGlobalIDString = C8E8BA551E2C181A00A4AC2C;
			remoteInfo = Benchmarks;
		};
		6C98C36C1FF4E23700F598CB /* PBXContainerItemProxy */ = {
			isa = PBXContainerItemProxy;
			containerPortal = 6C98C3281FF4E22800F598CB /* Rx.xcodeproj */;
			proxyType = 1;
			remoteGlobalIDString = C8A56AD61AD7424700B4673B;
			remoteInfo = "RxSwift-iOS";
		};
		6C98C3701FF4E25E00F598CB /* PBXContainerItemProxy */ = {
			isa = PBXContainerItemProxy;
			containerPortal = 6C98C3281FF4E22800F598CB /* Rx.xcodeproj */;
			proxyType = 1;
			remoteGlobalIDString = C80938F51B8A71760088E94D;
			remoteInfo = "RxCocoa-iOS";
		};
/* End PBXContainerItemProxy section */

/* Begin PBXCopyFilesBuildPhase section */
		6C123D4A1FF4BA150043EA67 /* Embed Frameworks */ = {
			isa = PBXCopyFilesBuildPhase;
			buildActionMask = 2147483647;
			dstPath = "";
			dstSubfolderSpec = 10;
			files = (
				6C98C36F1FF4E25E00F598CB /* RxCocoa.framework in Embed Frameworks */,
				6C98C36B1FF4E23700F598CB /* RxSwift.framework in Embed Frameworks */,
				6C123D501FF4BA240043EA67 /* Alamofire.framework in Embed Frameworks */,
			);
			name = "Embed Frameworks";
			runOnlyForDeploymentPostprocessing = 0;
		};
/* End PBXCopyFilesBuildPhase section */

/* Begin PBXFileReference section */
		3A84509780FA264256C87F1E /* Pods_qzhApp.framework */ = {isa = PBXFileReference; explicitFileType = wrapper.framework; includeInIndex = 0; path = Pods_qzhApp.framework; sourceTree = BUILT_PRODUCTS_DIR; };
		6C06E99F1FF36C9C0054B339 /* qzhApp.app */ = {isa = PBXFileReference; explicitFileType = wrapper.application; includeInIndex = 0; path = qzhApp.app; sourceTree = BUILT_PRODUCTS_DIR; };
		6C06E9A41FF36C9C0054B339 /* ViewController.swift */ = {isa = PBXFileReference; lastKnownFileType = sourcecode.swift; path = ViewController.swift; sourceTree = "<group>"; };
		6C06E9B31FF36C9C0054B339 /* qzhAppTests.xctest */ = {isa = PBXFileReference; explicitFileType = wrapper.cfbundle; includeInIndex = 0; path = qzhAppTests.xctest; sourceTree = BUILT_PRODUCTS_DIR; };
		6C06E9B71FF36C9C0054B339 /* qzhAppTests.swift */ = {isa = PBXFileReference; lastKnownFileType = sourcecode.swift; path = qzhAppTests.swift; sourceTree = "<group>"; };
		6C06E9B91FF36C9C0054B339 /* Info.plist */ = {isa = PBXFileReference; lastKnownFileType = text.plist.xml; path = Info.plist; sourceTree = "<group>"; };
		6C06E9BE1FF36C9C0054B339 /* qzhAppUITests.xctest */ = {isa = PBXFileReference; explicitFileType = wrapper.cfbundle; includeInIndex = 0; path = qzhAppUITests.xctest; sourceTree = BUILT_PRODUCTS_DIR; };
		6C06E9C21FF36C9D0054B339 /* qzhAppUITests.swift */ = {isa = PBXFileReference; lastKnownFileType = sourcecode.swift; path = qzhAppUITests.swift; sourceTree = "<group>"; };
		6C06E9C41FF36C9D0054B339 /* Info.plist */ = {isa = PBXFileReference; lastKnownFileType = text.plist.xml; path = Info.plist; sourceTree = "<group>"; };
		6C06E9D41FF36D700054B339 /* Assets.xcassets */ = {isa = PBXFileReference; lastKnownFileType = folder.assetcatalog; path = Assets.xcassets; sourceTree = "<group>"; };
		6C06EAB51FF36D710054B339 /* Base */ = {isa = PBXFileReference; lastKnownFileType = file.storyboard; name = Base; path = Base.lproj/LaunchScreen.storyboard; sourceTree = "<group>"; };
		6C06EAB71FF36D710054B339 /* Base */ = {isa = PBXFileReference; lastKnownFileType = file.storyboard; name = Base; path = Base.lproj/Main.storyboard; sourceTree = "<group>"; };
		6C06EBB51FF370750054B339 /* Info.plist */ = {isa = PBXFileReference; fileEncoding = 4; lastKnownFileType = text.plist.xml; path = Info.plist; sourceTree = "<group>"; };
		6C06EBB81FF370830054B339 /* AppDelegate.swift */ = {isa = PBXFileReference; fileEncoding = 4; lastKnownFileType = sourcecode.swift; path = AppDelegate.swift; sourceTree = "<group>"; };
		6C06EBD81FF3718D0054B339 /* NetWork.swift */ = {isa = PBXFileReference; fileEncoding = 4; lastKnownFileType = sourcecode.swift; path = NetWork.swift; sourceTree = "<group>"; };
		6C06EBE71FF374A30054B339 /* HeaderController.swift */ = {isa = PBXFileReference; fileEncoding = 4; lastKnownFileType = sourcecode.swift; path = HeaderController.swift; sourceTree = "<group>"; };
		6C06EBE91FF3750C0054B339 /* PublicFunc.swift */ = {isa = PBXFileReference; fileEncoding = 4; lastKnownFileType = sourcecode.swift; path = PublicFunc.swift; sourceTree = "<group>"; };
		6C06EBEB1FF375F20054B339 /* CacheFunc.swift */ = {isa = PBXFileReference; fileEncoding = 4; lastKnownFileType = sourcecode.swift; path = CacheFunc.swift; sourceTree = "<group>"; };
		6C06EBED1FF376A40054B339 /* imgClass.swift */ = {isa = PBXFileReference; fileEncoding = 4; lastKnownFileType = sourcecode.swift; path = imgClass.swift; sourceTree = "<group>"; };
		6C06EBEF1FF377070054B339 /* PublicButton.swift */ = {isa = PBXFileReference; fileEncoding = 4; lastKnownFileType = sourcecode.swift; path = PublicButton.swift; sourceTree = "<group>"; };
		6C06EBF11FF3779A0054B339 /* MenuController.swift */ = {isa = PBXFileReference; fileEncoding = 4; lastKnownFileType = sourcecode.swift; path = MenuController.swift; sourceTree = "<group>"; };
		6C06EBF31FF3792F0054B339 /* MyColor.swift */ = {isa = PBXFileReference; fileEncoding = 4; lastKnownFileType = sourcecode.swift; path = MyColor.swift; sourceTree = "<group>"; };
		6C0C3CAA200496D800AD40D9 /* QZHVisitorView.swift */ = {isa = PBXFileReference; fileEncoding = 4; lastKnownFileType = sourcecode.swift; path = QZHVisitorView.swift; sourceTree = "<group>"; };
		6C0C3CCB20049F8B00AD40D9 /* QZHNetworkManager.swift */ = {isa = PBXFileReference; fileEncoding = 4; lastKnownFileType = sourcecode.swift; path = QZHNetworkManager.swift; sourceTree = "<group>"; };
		6C0C3CD32004B19400AD40D9 /* QZHNetworkManager_Extension.swift */ = {isa = PBXFileReference; fileEncoding = 4; lastKnownFileType = sourcecode.swift; path = QZHNetworkManager_Extension.swift; sourceTree = "<group>"; };
		6C0C3CEF2004BDBF00AD40D9 /* QZHStatus.swift */ = {isa = PBXFileReference; fileEncoding = 4; lastKnownFileType = sourcecode.swift; path = QZHStatus.swift; sourceTree = "<group>"; };
		6C0C3CF52004C29F00AD40D9 /* QZHEnterprisePortalModel.swift */ = {isa = PBXFileReference; fileEncoding = 4; lastKnownFileType = sourcecode.swift; path = QZHEnterprisePortalModel.swift; sourceTree = "<group>"; };
		6C0C3CF72004C2AC00AD40D9 /* QZHEnterprisePortalViewModel.swift */ = {isa = PBXFileReference; fileEncoding = 4; lastKnownFileType = sourcecode.swift; path = QZHEnterprisePortalViewModel.swift; sourceTree = "<group>"; };
		6C0C3CF920059F0200AD40D9 /* QZHEnterprisePortalViewController.swift */ = {isa = PBXFileReference; fileEncoding = 4; lastKnownFileType = sourcecode.swift; path = QZHEnterprisePortalViewController.swift; sourceTree = "<group>"; };
		6C0C3D042005B72800AD40D9 /* QZHEnterprisePortalStatusCell.swift */ = {isa = PBXFileReference; fileEncoding = 4; lastKnownFileType = sourcecode.swift; path = QZHEnterprisePortalStatusCell.swift; sourceTree = "<group>"; };
		6C0C3D062005B74D00AD40D9 /* QZHEnterprisePortalStatusCell.xib */ = {isa = PBXFileReference; fileEncoding = 4; lastKnownFileType = file.xib; path = QZHEnterprisePortalStatusCell.xib; sourceTree = "<group>"; };
		6C0C3D1B2005F40400AD40D9 /* QZHEnterprisePortalCompanyViewModel.swift */ = {isa = PBXFileReference; fileEncoding = 4; lastKnownFileType = sourcecode.swift; path = QZHEnterprisePortalCompanyViewModel.swift; sourceTree = "<group>"; };
		6C0F6D6A200728E300CA1509 /* QZHCommon.swift */ = {isa = PBXFileReference; fileEncoding = 4; lastKnownFileType = sourcecode.swift; name = QZHCommon.swift; path = qzhApp/Classes/ViewModel/QZHCommon.swift; sourceTree = SOURCE_ROOT; };
		6C122DA71FF47D4B0043EA67 /* EnterprisePortalViewModel.swift */ = {isa = PBXFileReference; fileEncoding = 4; lastKnownFileType = sourcecode.swift; path = EnterprisePortalViewModel.swift; sourceTree = "<group>"; };
		6C122DA91FF498BF0043EA67 /* labelView.swift */ = {isa = PBXFileReference; fileEncoding = 4; lastKnownFileType = sourcecode.swift; path = labelView.swift; sourceTree = "<group>"; };
		6C123CE71FF4B9D30043EA67 /* Alamofire.xcodeproj */ = {isa = PBXFileReference; lastKnownFileType = "wrapper.pb-project"; name = Alamofire.xcodeproj; path = "Alamofire-master/Alamofire.xcodeproj"; sourceTree = "<group>"; };
		6C3DD2331FFB82200022E582 /* address.plist */ = {isa = PBXFileReference; fileEncoding = 4; lastKnownFileType = text.plist.xml; path = address.plist; sourceTree = "<group>"; };
		6C3DD2341FFB82200022E582 /* provincesThreeLevelCascade.swift */ = {isa = PBXFileReference; fileEncoding = 4; lastKnownFileType = sourcecode.swift; path = provincesThreeLevelCascade.swift; sourceTree = "<group>"; };
		6C4D77B61FFC5EF500581221 /* companyInfo.swift */ = {isa = PBXFileReference; fileEncoding = 4; lastKnownFileType = sourcecode.swift; path = companyInfo.swift; sourceTree = "<group>"; };
		6C4D77B71FFC5EF500581221 /* EnterprisePortalController.swift */ = {isa = PBXFileReference; fileEncoding = 4; lastKnownFileType = sourcecode.swift; path = EnterprisePortalController.swift; sourceTree = "<group>"; };
		6C4D77D41FFC63AC00581221 /* companyInfoViewModel.swift */ = {isa = PBXFileReference; fileEncoding = 4; lastKnownFileType = sourcecode.swift; path = companyInfoViewModel.swift; sourceTree = "<group>"; };
		6C4D9CDE2002FB1A00F2D22F /* qzh-bridge.h */ = {isa = PBXFileReference; lastKnownFileType = sourcecode.c.h; path = "qzh-bridge.h"; sourceTree = "<group>"; };
		6C4D9CE62003024500F2D22F /* main.json */ = {isa = PBXFileReference; fileEncoding = 4; lastKnownFileType = text.json; path = main.json; sourceTree = "<group>"; };
		6C4D9CEB2003215700F2D22F /* QZHNavigationCobtroller.swift */ = {isa = PBXFileReference; fileEncoding = 4; lastKnownFileType = sourcecode.swift; path = QZHNavigationCobtroller.swift; sourceTree = "<group>"; };
		6C4D9CED200321A600F2D22F /* QZHBaseViewController.swift */ = {isa = PBXFileReference; fileEncoding = 4; lastKnownFileType = sourcecode.swift; path = QZHBaseViewController.swift; sourceTree = "<group>"; };
		6C4D9CEF2003222100F2D22F /* QZHHomeViewController.swift */ = {isa = PBXFileReference; fileEncoding = 4; lastKnownFileType = sourcecode.swift; path = QZHHomeViewController.swift; sourceTree = "<group>"; };
		6C4D9CF32003237B00F2D22F /* QZHMainViewController.swift */ = {isa = PBXFileReference; fileEncoding = 4; lastKnownFileType = sourcecode.swift; path = QZHMainViewController.swift; sourceTree = "<group>"; };
		6C4D9D1C20033B5D00F2D22F /* CZAdditions.h */ = {isa = PBXFileReference; fileEncoding = 4; lastKnownFileType = sourcecode.c.h; path = CZAdditions.h; sourceTree = "<group>"; };
		6C4D9D1D20033B5D00F2D22F /* NSArray+Log.h */ = {isa = PBXFileReference; fileEncoding = 4; lastKnownFileType = sourcecode.c.h; path = "NSArray+Log.h"; sourceTree = "<group>"; };
		6C4D9D1E20033B5D00F2D22F /* NSArray+Log.m */ = {isa = PBXFileReference; fileEncoding = 4; lastKnownFileType = sourcecode.c.objc; path = "NSArray+Log.m"; sourceTree = "<group>"; };
		6C4D9D1F20033B5D00F2D22F /* NSAttributedString+CZAdditon.h */ = {isa = PBXFileReference; fileEncoding = 4; lastKnownFileType = sourcecode.c.h; path = "NSAttributedString+CZAdditon.h"; sourceTree = "<group>"; };
		6C4D9D2020033B5D00F2D22F /* NSAttributedString+CZAdditon.m */ = {isa = PBXFileReference; fileEncoding = 4; lastKnownFileType = sourcecode.c.objc; path = "NSAttributedString+CZAdditon.m"; sourceTree = "<group>"; };
		6C4D9D2120033B5D00F2D22F /* NSObject+CZRuntime.h */ = {isa = PBXFileReference; fileEncoding = 4; lastKnownFileType = sourcecode.c.h; path = "NSObject+CZRuntime.h"; sourceTree = "<group>"; };
		6C4D9D2220033B5D00F2D22F /* NSObject+CZRuntime.m */ = {isa = PBXFileReference; fileEncoding = 4; lastKnownFileType = sourcecode.c.objc; path = "NSObject+CZRuntime.m"; sourceTree = "<group>"; };
		6C4D9D2320033B5D00F2D22F /* NSString+CZBase64.h */ = {isa = PBXFileReference; fileEncoding = 4; lastKnownFileType = sourcecode.c.h; path = "NSString+CZBase64.h"; sourceTree = "<group>"; };
		6C4D9D2420033B5D00F2D22F /* NSString+CZBase64.m */ = {isa = PBXFileReference; fileEncoding = 4; lastKnownFileType = sourcecode.c.objc; path = "NSString+CZBase64.m"; sourceTree = "<group>"; };
		6C4D9D2520033B5D00F2D22F /* NSString+CZHash.h */ = {isa = PBXFileReference; fileEncoding = 4; lastKnownFileType = sourcecode.c.h; path = "NSString+CZHash.h"; sourceTree = "<group>"; };
		6C4D9D2620033B5D00F2D22F /* NSString+CZHash.m */ = {isa = PBXFileReference; fileEncoding = 4; lastKnownFileType = sourcecode.c.objc; path = "NSString+CZHash.m"; sourceTree = "<group>"; };
		6C4D9D2720033B5D00F2D22F /* NSString+CZPath.h */ = {isa = PBXFileReference; fileEncoding = 4; lastKnownFileType = sourcecode.c.h; path = "NSString+CZPath.h"; sourceTree = "<group>"; };
		6C4D9D2820033B5D00F2D22F /* NSString+CZPath.m */ = {isa = PBXFileReference; fileEncoding = 4; lastKnownFileType = sourcecode.c.objc; path = "NSString+CZPath.m"; sourceTree = "<group>"; };
		6C4D9D2920033B5D00F2D22F /* UIButton+CZAddition.h */ = {isa = PBXFileReference; fileEncoding = 4; lastKnownFileType = sourcecode.c.h; path = "UIButton+CZAddition.h"; sourceTree = "<group>"; };
		6C4D9D2A20033B5D00F2D22F /* UIButton+CZAddition.m */ = {isa = PBXFileReference; fileEncoding = 4; lastKnownFileType = sourcecode.c.objc; path = "UIButton+CZAddition.m"; sourceTree = "<group>"; };
		6C4D9D2B20033B5D00F2D22F /* UIColor+CZAddition.h */ = {isa = PBXFileReference; fileEncoding = 4; lastKnownFileType = sourcecode.c.h; path = "UIColor+CZAddition.h"; sourceTree = "<group>"; };
		6C4D9D2C20033B5D00F2D22F /* UIColor+CZAddition.m */ = {isa = PBXFileReference; fileEncoding = 4; lastKnownFileType = sourcecode.c.objc; path = "UIColor+CZAddition.m"; sourceTree = "<group>"; };
		6C4D9D2D20033B5D00F2D22F /* UILabel+CZAddition.h */ = {isa = PBXFileReference; fileEncoding = 4; lastKnownFileType = sourcecode.c.h; path = "UILabel+CZAddition.h"; sourceTree = "<group>"; };
		6C4D9D2E20033B5D00F2D22F /* UILabel+CZAddition.m */ = {isa = PBXFileReference; fileEncoding = 4; lastKnownFileType = sourcecode.c.objc; path = "UILabel+CZAddition.m"; sourceTree = "<group>"; };
		6C4D9D2F20033B5D00F2D22F /* UIScreen+CZAddition.h */ = {isa = PBXFileReference; fileEncoding = 4; lastKnownFileType = sourcecode.c.h; path = "UIScreen+CZAddition.h"; sourceTree = "<group>"; };
		6C4D9D3020033B5D00F2D22F /* UIScreen+CZAddition.m */ = {isa = PBXFileReference; fileEncoding = 4; lastKnownFileType = sourcecode.c.objc; path = "UIScreen+CZAddition.m"; sourceTree = "<group>"; };
		6C4D9D3120033B5D00F2D22F /* UIView+CZAddition.h */ = {isa = PBXFileReference; fileEncoding = 4; lastKnownFileType = sourcecode.c.h; path = "UIView+CZAddition.h"; sourceTree = "<group>"; };
		6C4D9D3220033B5D00F2D22F /* UIView+CZAddition.m */ = {isa = PBXFileReference; fileEncoding = 4; lastKnownFileType = sourcecode.c.objc; path = "UIView+CZAddition.m"; sourceTree = "<group>"; };
		6C4D9D3320033B5D00F2D22F /* UIViewController+CZAddition.h */ = {isa = PBXFileReference; fileEncoding = 4; lastKnownFileType = sourcecode.c.h; path = "UIViewController+CZAddition.h"; sourceTree = "<group>"; };
		6C4D9D3420033B5D00F2D22F /* UIViewController+CZAddition.m */ = {isa = PBXFileReference; fileEncoding = 4; lastKnownFileType = sourcecode.c.objc; path = "UIViewController+CZAddition.m"; sourceTree = "<group>"; };
		6C4D9D3620033B5D00F2D22F /* Bundle+Extensions.swift */ = {isa = PBXFileReference; fileEncoding = 4; lastKnownFileType = sourcecode.swift; path = "Bundle+Extensions.swift"; sourceTree = "<group>"; };
		6C4D9D5020034D8800F2D22F /* QZHDemoViewController.swift */ = {isa = PBXFileReference; fileEncoding = 4; lastKnownFileType = sourcecode.swift; path = QZHDemoViewController.swift; sourceTree = "<group>"; };
		6C4D9D5220035E2000F2D22F /* UIBarButtonItem+Extensions.swift */ = {isa = PBXFileReference; fileEncoding = 4; lastKnownFileType = sourcecode.swift; path = "UIBarButtonItem+Extensions.swift"; sourceTree = "<group>"; };
		6C98C3281FF4E22800F598CB /* Rx.xcodeproj */ = {isa = PBXFileReference; lastKnownFileType = "wrapper.pb-project"; name = Rx.xcodeproj; path = "RxSwift-rxswift-3.0/Rx.xcodeproj"; sourceTree = "<group>"; };
		6C98C3751FF4EE3B00F598CB /* EnterprisePortalView.swift */ = {isa = PBXFileReference; fileEncoding = 4; lastKnownFileType = sourcecode.swift; path = EnterprisePortalView.swift; sourceTree = "<group>"; };
		6C98C3771FF4F0CF00F598CB /* viewController.swift */ = {isa = PBXFileReference; fileEncoding = 4; lastKnownFileType = sourcecode.swift; path = viewController.swift; sourceTree = "<group>"; };
		6CDF02921FF5E42400EFB5A7 /* tabelViewController.swift */ = {isa = PBXFileReference; fileEncoding = 4; lastKnownFileType = sourcecode.swift; path = tabelViewController.swift; sourceTree = "<group>"; };
		6CDF02AE1FF5ECC300EFB5A7 /* scrolliew.swift */ = {isa = PBXFileReference; fileEncoding = 4; lastKnownFileType = sourcecode.swift; path = scrolliew.swift; sourceTree = "<group>"; };
		6CDF02B21FF60B8D00EFB5A7 /* protocol.swift */ = {isa = PBXFileReference; fileEncoding = 4; lastKnownFileType = sourcecode.swift; path = protocol.swift; sourceTree = "<group>"; };
		6CDF02B81FF61E2D00EFB5A7 /* Public.swift */ = {isa = PBXFileReference; fileEncoding = 4; lastKnownFileType = sourcecode.swift; path = Public.swift; sourceTree = "<group>"; };
		6CFD403A1FFCD93300B36D74 /* pickerView.swift */ = {isa = PBXFileReference; fileEncoding = 4; lastKnownFileType = sourcecode.swift; path = pickerView.swift; sourceTree = "<group>"; };
		C29A06AC5BCD643212BAD8F2 /* Pods-qzhApp.debug.xcconfig */ = {isa = PBXFileReference; includeInIndex = 1; lastKnownFileType = text.xcconfig; name = "Pods-qzhApp.debug.xcconfig"; path = "Pods/Target Support Files/Pods-qzhApp/Pods-qzhApp.debug.xcconfig"; sourceTree = "<group>"; };
		E8CB0F7A3B181478B1D1B258 /* Pods-qzhApp.release.xcconfig */ = {isa = PBXFileReference; includeInIndex = 1; lastKnownFileType = text.xcconfig; name = "Pods-qzhApp.release.xcconfig"; path = "Pods/Target Support Files/Pods-qzhApp/Pods-qzhApp.release.xcconfig"; sourceTree = "<group>"; };
/* End PBXFileReference section */

/* Begin PBXFrameworksBuildPhase section */
		6C06E99C1FF36C9C0054B339 /* Frameworks */ = {
			isa = PBXFrameworksBuildPhase;
			buildActionMask = 2147483647;
			files = (
				6C98C36E1FF4E25E00F598CB /* RxCocoa.framework in Frameworks */,
				6C98C36A1FF4E23700F598CB /* RxSwift.framework in Frameworks */,
				6C123D4F1FF4BA240043EA67 /* Alamofire.framework in Frameworks */,
				6CED4B573A67A3FA994A0883 /* Pods_qzhApp.framework in Frameworks */,
			);
			runOnlyForDeploymentPostprocessing = 0;
		};
		6C06E9B01FF36C9C0054B339 /* Frameworks */ = {
			isa = PBXFrameworksBuildPhase;
			buildActionMask = 2147483647;
			files = (
			);
			runOnlyForDeploymentPostprocessing = 0;
		};
		6C06E9BB1FF36C9C0054B339 /* Frameworks */ = {
			isa = PBXFrameworksBuildPhase;
			buildActionMask = 2147483647;
			files = (
			);
			runOnlyForDeploymentPostprocessing = 0;
		};
/* End PBXFrameworksBuildPhase section */

/* Begin PBXGroup section */
		63D45F42EE7F33CBF0081458 /* Frameworks */ = {
			isa = PBXGroup;
			children = (
				3A84509780FA264256C87F1E /* Pods_qzhApp.framework */,
			);
			name = Frameworks;
			sourceTree = "<group>";
		};
		6C06E9961FF36C9C0054B339 = {
			isa = PBXGroup;
			children = (
				6C06E9A11FF36C9C0054B339 /* qzhApp */,
				6C06E9B61FF36C9C0054B339 /* qzhAppTests */,
				6C06E9C11FF36C9C0054B339 /* qzhAppUITests */,
				6C06E9A01FF36C9C0054B339 /* Products */,
				D750E1311B876D2465BE45B0 /* Pods */,
				63D45F42EE7F33CBF0081458 /* Frameworks */,
			);
			sourceTree = "<group>";
		};
		6C06E9A01FF36C9C0054B339 /* Products */ = {
			isa = PBXGroup;
			children = (
				6C06E99F1FF36C9C0054B339 /* qzhApp.app */,
				6C06E9B31FF36C9C0054B339 /* qzhAppTests.xctest */,
				6C06E9BE1FF36C9C0054B339 /* qzhAppUITests.xctest */,
			);
			name = Products;
			sourceTree = "<group>";
		};
		6C06E9A11FF36C9C0054B339 /* qzhApp */ = {
			isa = PBXGroup;
			children = (
				6C1231861FF4B5350043EA67 /* Resource */,
				6C06EBB71FF370830054B339 /* AppDelegate */,
				6C06E9D21FF36D700054B339 /* Classes */,
				6C06E9D31FF36D700054B339 /* Common */,
				6C06EAB31FF36D710054B339 /* Storyboard */,
				6C06E9A41FF36C9C0054B339 /* ViewController.swift */,
				6C4D9CDE2002FB1A00F2D22F /* qzh-bridge.h */,
			);
			path = qzhApp;
			sourceTree = "<group>";
		};
		6C06E9B61FF36C9C0054B339 /* qzhAppTests */ = {
			isa = PBXGroup;
			children = (
				6C06E9B71FF36C9C0054B339 /* qzhAppTests.swift */,
				6C06E9B91FF36C9C0054B339 /* Info.plist */,
			);
			path = qzhAppTests;
			sourceTree = "<group>";
		};
		6C06E9C11FF36C9C0054B339 /* qzhAppUITests */ = {
			isa = PBXGroup;
			children = (
				6C06E9C21FF36C9D0054B339 /* qzhAppUITests.swift */,
				6C06E9C41FF36C9D0054B339 /* Info.plist */,
			);
			path = qzhAppUITests;
			sourceTree = "<group>";
		};
		6C06E9D21FF36D700054B339 /* Classes */ = {
			isa = PBXGroup;
			children = (
				6C4D9CDA2002FB0500F2D22F /* View */,
				6C4D9CDC2002FB0500F2D22F /* ViewModel */,
				6C4D9CDD2002FB0500F2D22F /* Model */,
				6C4D9CDB2002FB0500F2D22F /* Tools */,
				6C06EBDC1FF3738F0054B339 /* enterprisePortal */,
			);
			path = Classes;
			sourceTree = "<group>";
		};
		6C06E9D31FF36D700054B339 /* Common */ = {
			isa = PBXGroup;
			children = (
				6C3DD2331FFB82200022E582 /* address.plist */,
				6C3DD2341FFB82200022E582 /* provincesThreeLevelCascade.swift */,
				6CDF02AE1FF5ECC300EFB5A7 /* scrolliew.swift */,
				6C98C3771FF4F0CF00F598CB /* viewController.swift */,
				6C122DA91FF498BF0043EA67 /* labelView.swift */,
				6C06EBF31FF3792F0054B339 /* MyColor.swift */,
				6C06EBED1FF376A40054B339 /* imgClass.swift */,
				6C06EBB51FF370750054B339 /* Info.plist */,
				6C06E9D41FF36D700054B339 /* Assets.xcassets */,
				6C06EBD81FF3718D0054B339 /* NetWork.swift */,
				6C06EBE71FF374A30054B339 /* HeaderController.swift */,
				6C06EBE91FF3750C0054B339 /* PublicFunc.swift */,
				6C06EBEB1FF375F20054B339 /* CacheFunc.swift */,
				6C06EBEF1FF377070054B339 /* PublicButton.swift */,
				6C06EBF11FF3779A0054B339 /* MenuController.swift */,
				6CDF02921FF5E42400EFB5A7 /* tabelViewController.swift */,
				6CDF02B21FF60B8D00EFB5A7 /* protocol.swift */,
				6CDF02B81FF61E2D00EFB5A7 /* Public.swift */,
				6CFD403A1FFCD93300B36D74 /* pickerView.swift */,
			);
			path = Common;
			sourceTree = "<group>";
		};
		6C06EAB31FF36D710054B339 /* Storyboard */ = {
			isa = PBXGroup;
			children = (
				6C06EAB41FF36D710054B339 /* LaunchScreen.storyboard */,
				6C06EAB61FF36D710054B339 /* Main.storyboard */,
			);
			path = Storyboard;
			sourceTree = "<group>";
		};
		6C06EBB71FF370830054B339 /* AppDelegate */ = {
			isa = PBXGroup;
			children = (
				6C06EBB81FF370830054B339 /* AppDelegate.swift */,
			);
			path = AppDelegate;
			sourceTree = "<group>";
		};
		6C06EBDC1FF3738F0054B339 /* enterprisePortal */ = {
			isa = PBXGroup;
			children = (
				6C4D77B51FFC5EF500581221 /* ViewController */,
				6C98C3741FF4EE3B00F598CB /* View */,
				6C06EBE01FF3738F0054B339 /* ViewModel */,
				6C06EBDE1FF3738F0054B339 /* Model */,
			);
			path = enterprisePortal;
			sourceTree = "<group>";
		};
		6C06EBDE1FF3738F0054B339 /* Model */ = {
			isa = PBXGroup;
			children = (
			);
			path = Model;
			sourceTree = "<group>";
		};
		6C06EBE01FF3738F0054B339 /* ViewModel */ = {
			isa = PBXGroup;
			children = (
				6C122DA71FF47D4B0043EA67 /* EnterprisePortalViewModel.swift */,
				6C4D77D41FFC63AC00581221 /* companyInfoViewModel.swift */,
			);
			path = ViewModel;
			sourceTree = "<group>";
		};
		6C0C3CA92004968A00AD40D9 /* VisitorView */ = {
			isa = PBXGroup;
			children = (
				6C0C3CAA200496D800AD40D9 /* QZHVisitorView.swift */,
			);
			name = VisitorView;
			sourceTree = "<group>";
		};
		6C0C3CAD20049AB300AD40D9 /* EnterprisePoral */ = {
			isa = PBXGroup;
			children = (
				6C0C3CFB2005AD5A00AD40D9 /* StatusCell */,
				6C0C3CF920059F0200AD40D9 /* QZHEnterprisePortalViewController.swift */,
			);
			path = EnterprisePoral;
			sourceTree = "<group>";
		};
		6C0C3CB020049EFD00AD40D9 /* Network */ = {
			isa = PBXGroup;
			children = (
				6C0C3CCB20049F8B00AD40D9 /* QZHNetworkManager.swift */,
				6C0C3CD32004B19400AD40D9 /* QZHNetworkManager_Extension.swift */,
			);
			name = Network;
			path = qzhApp/Classes/Tools/Network;
			sourceTree = SOURCE_ROOT;
		};
		6C0C3CFB2005AD5A00AD40D9 /* StatusCell */ = {
			isa = PBXGroup;
			children = (
				6C0C3D042005B72800AD40D9 /* QZHEnterprisePortalStatusCell.swift */,
				6C0C3D062005B74D00AD40D9 /* QZHEnterprisePortalStatusCell.xib */,
			);
			path = StatusCell;
			sourceTree = "<group>";
		};
		6C1231861FF4B5350043EA67 /* Resource */ = {
			isa = PBXGroup;
			children = (
				6C98C3281FF4E22800F598CB /* Rx.xcodeproj */,
				6C123CE71FF4B9D30043EA67 /* Alamofire.xcodeproj */,
			);
			path = Resource;
			sourceTree = "<group>";
		};
		6C123CE81FF4B9D30043EA67 /* Products */ = {
			isa = PBXGroup;
			children = (
				6C123CF31FF4B9D30043EA67 /* Alamofire.framework */,
				6C123CF51FF4B9D30043EA67 /* Alamofire iOS Tests.xctest */,
				6C123CF71FF4B9D30043EA67 /* Alamofire.framework */,
				6C123CF91FF4B9D30043EA67 /* Alamofire macOS Tests.xctest */,
				6C123CFB1FF4B9D30043EA67 /* Alamofire.framework */,
				6C123CFD1FF4B9D30043EA67 /* Alamofire tvOS Tests.xctest */,
				6C123CFF1FF4B9D30043EA67 /* Alamofire.framework */,
			);
			name = Products;
			sourceTree = "<group>";
		};
		6C4D77B51FFC5EF500581221 /* ViewController */ = {
			isa = PBXGroup;
			children = (
				6C4D77B61FFC5EF500581221 /* companyInfo.swift */,
				6C4D77B71FFC5EF500581221 /* EnterprisePortalController.swift */,
			);
			path = ViewController;
			sourceTree = "<group>";
		};
		6C4D9CDA2002FB0500F2D22F /* View */ = {
			isa = PBXGroup;
			children = (
				6C4D9CDF2002FBE900F2D22F /* Main */,
				6C4D9CEA2003205000F2D22F /* Home */,
				6C0C3CAD20049AB300AD40D9 /* EnterprisePoral */,
			);
			path = View;
			sourceTree = "<group>";
		};
		6C4D9CDB2002FB0500F2D22F /* Tools */ = {
			isa = PBXGroup;
			children = (
				6C0C3CB020049EFD00AD40D9 /* Network */,
				6C4D9D1B20033B5D00F2D22F /* Additions */,
				6C4D9D3520033B5D00F2D22F /* Extensions */,
				6C0F6D6A200728E300CA1509 /* QZHCommon.swift */,
			);
			name = Tools;
			path = Tool;
			sourceTree = "<group>";
		};
		6C4D9CDC2002FB0500F2D22F /* ViewModel */ = {
			isa = PBXGroup;
			children = (
				6C0C3CF72004C2AC00AD40D9 /* QZHEnterprisePortalViewModel.swift */,
				6C0C3D1B2005F40400AD40D9 /* QZHEnterprisePortalCompanyViewModel.swift */,
			);
			path = ViewModel;
			sourceTree = "<group>";
		};
		6C4D9CDD2002FB0500F2D22F /* Model */ = {
			isa = PBXGroup;
			children = (
				6C0C3CF52004C29F00AD40D9 /* QZHEnterprisePortalModel.swift */,
				6C0C3CEF2004BDBF00AD40D9 /* QZHStatus.swift */,
			);
			path = Model;
			sourceTree = "<group>";
		};
		6C4D9CDF2002FBE900F2D22F /* Main */ = {
			isa = PBXGroup;
			children = (
				6C4D9D4F20034D4700F2D22F /* 测试 */,
				6C4D9D55200372CE00F2D22F /* 主控制器 */,
				6C0C3CA92004968A00AD40D9 /* VisitorView */,
				6C4D9CED200321A600F2D22F /* QZHBaseViewController.swift */,
			);
			path = Main;
			sourceTree = "<group>";
		};
		6C4D9CEA2003205000F2D22F /* Home */ = {
			isa = PBXGroup;
			children = (
				6C4D9CEF2003222100F2D22F /* QZHHomeViewController.swift */,
			);
			path = Home;
			sourceTree = "<group>";
		};
		6C4D9D1B20033B5D00F2D22F /* Additions */ = {
			isa = PBXGroup;
			children = (
				6C4D9D1C20033B5D00F2D22F /* CZAdditions.h */,
				6C4D9D1D20033B5D00F2D22F /* NSArray+Log.h */,
				6C4D9D1E20033B5D00F2D22F /* NSArray+Log.m */,
				6C4D9D1F20033B5D00F2D22F /* NSAttributedString+CZAdditon.h */,
				6C4D9D2020033B5D00F2D22F /* NSAttributedString+CZAdditon.m */,
				6C4D9D2120033B5D00F2D22F /* NSObject+CZRuntime.h */,
				6C4D9D2220033B5D00F2D22F /* NSObject+CZRuntime.m */,
				6C4D9D2320033B5D00F2D22F /* NSString+CZBase64.h */,
				6C4D9D2420033B5D00F2D22F /* NSString+CZBase64.m */,
				6C4D9D2520033B5D00F2D22F /* NSString+CZHash.h */,
				6C4D9D2620033B5D00F2D22F /* NSString+CZHash.m */,
				6C4D9D2720033B5D00F2D22F /* NSString+CZPath.h */,
				6C4D9D2820033B5D00F2D22F /* NSString+CZPath.m */,
				6C4D9D2920033B5D00F2D22F /* UIButton+CZAddition.h */,
				6C4D9D2A20033B5D00F2D22F /* UIButton+CZAddition.m */,
				6C4D9D2B20033B5D00F2D22F /* UIColor+CZAddition.h */,
				6C4D9D2C20033B5D00F2D22F /* UIColor+CZAddition.m */,
				6C4D9D2D20033B5D00F2D22F /* UILabel+CZAddition.h */,
				6C4D9D2E20033B5D00F2D22F /* UILabel+CZAddition.m */,
				6C4D9D2F20033B5D00F2D22F /* UIScreen+CZAddition.h */,
				6C4D9D3020033B5D00F2D22F /* UIScreen+CZAddition.m */,
				6C4D9D3120033B5D00F2D22F /* UIView+CZAddition.h */,
				6C4D9D3220033B5D00F2D22F /* UIView+CZAddition.m */,
				6C4D9D3320033B5D00F2D22F /* UIViewController+CZAddition.h */,
				6C4D9D3420033B5D00F2D22F /* UIViewController+CZAddition.m */,
			);
			name = Additions;
			path = qzhApp/Classes/Tools/Additions;
			sourceTree = SOURCE_ROOT;
		};
		6C4D9D3520033B5D00F2D22F /* Extensions */ = {
			isa = PBXGroup;
			children = (
				6C4D9D3620033B5D00F2D22F /* Bundle+Extensions.swift */,
				6C4D9D5220035E2000F2D22F /* UIBarButtonItem+Extensions.swift */,
			);
			name = Extensions;
			path = qzhApp/Classes/Tools/Extensions;
			sourceTree = SOURCE_ROOT;
		};
		6C4D9D4F20034D4700F2D22F /* 测试 */ = {
			isa = PBXGroup;
			children = (
				6C4D9D5020034D8800F2D22F /* QZHDemoViewController.swift */,
			);
			path = "测试";
			sourceTree = "<group>";
		};
		6C4D9D55200372CE00F2D22F /* 主控制器 */ = {
			isa = PBXGroup;
			children = (
				6C4D9CE62003024500F2D22F /* main.json */,
				6C4D9CF32003237B00F2D22F /* QZHMainViewController.swift */,
				6C4D9CEB2003215700F2D22F /* QZHNavigationCobtroller.swift */,
			);
			name = "主控制器";
			sourceTree = "<group>";
		};
		6C98C3291FF4E22800F598CB /* Products */ = {
			isa = PBXGroup;
			children = (
				6C98C3411FF4E22900F598CB /* RxSwift.framework */,
				6C98C3431FF4E22900F598CB /* RxSwift.framework */,
				6C98C3451FF4E22900F598CB /* RxSwift.framework */,
				6C98C3471FF4E22900F598CB /* RxSwift.framework */,
				6C98C3491FF4E22900F598CB /* RxCocoa.framework */,
				6C98C34B1FF4E22900F598CB /* RxCocoa.framework */,
				6C98C34D1FF4E22900F598CB /* RxCocoa.framework */,
				6C98C34F1FF4E22900F598CB /* RxCocoa.framework */,
				6C98C3511FF4E22900F598CB /* RxBlocking.framework */,
				6C98C3531FF4E22900F598CB /* RxBlocking.framework */,
				6C98C3551FF4E22900F598CB /* RxBlocking.framework */,
				6C98C3571FF4E22900F598CB /* RxBlocking.framework */,
				6C98C3591FF4E22900F598CB /* RxTest.framework */,
				6C98C35B1FF4E22900F598CB /* RxTest.framework */,
				6C98C35D1FF4E22900F598CB /* RxTest.framework */,
				6C98C35F1FF4E22900F598CB /* RxTest.framework */,
				6C98C3611FF4E22900F598CB /* AllTests-iOS.xctest */,
				6C98C3631FF4E22900F598CB /* AllTests-tvOS.xctest */,
				6C98C3651FF4E22900F598CB /* AllTests-macOS.xctest */,
				6C98C3671FF4E22900F598CB /* PerformanceTests.app */,
				6C98C3691FF4E22900F598CB /* Benchmarks.xctest */,
			);
			name = Products;
			sourceTree = "<group>";
		};
		6C98C3741FF4EE3B00F598CB /* View */ = {
			isa = PBXGroup;
			children = (
				6C98C3751FF4EE3B00F598CB /* EnterprisePortalView.swift */,
			);
			path = View;
			sourceTree = "<group>";
		};
		D750E1311B876D2465BE45B0 /* Pods */ = {
			isa = PBXGroup;
			children = (
				C29A06AC5BCD643212BAD8F2 /* Pods-qzhApp.debug.xcconfig */,
				E8CB0F7A3B181478B1D1B258 /* Pods-qzhApp.release.xcconfig */,
			);
			name = Pods;
			sourceTree = "<group>";
		};
/* End PBXGroup section */

/* Begin PBXNativeTarget section */
		6C06E99E1FF36C9C0054B339 /* qzhApp */ = {
			isa = PBXNativeTarget;
			buildConfigurationList = 6C06E9C71FF36C9D0054B339 /* Build configuration list for PBXNativeTarget "qzhApp" */;
			buildPhases = (
				679743E8948B15674B2DA5F8 /* [CP] Check Pods Manifest.lock */,
				6C06E99B1FF36C9C0054B339 /* Sources */,
				6C06E99C1FF36C9C0054B339 /* Frameworks */,
				6C06E99D1FF36C9C0054B339 /* Resources */,
				6C123D4A1FF4BA150043EA67 /* Embed Frameworks */,
				773BD8705371DECC62C23D23 /* [CP] Embed Pods Frameworks */,
				935C3FD02AF2396EE091AA74 /* [CP] Copy Pods Resources */,
			);
			buildRules = (
			);
			dependencies = (
				6C123D521FF4BA240043EA67 /* PBXTargetDependency */,
				6C98C36D1FF4E23700F598CB /* PBXTargetDependency */,
				6C98C3711FF4E25E00F598CB /* PBXTargetDependency */,
			);
			name = qzhApp;
			productName = qzhApp;
			productReference = 6C06E99F1FF36C9C0054B339 /* qzhApp.app */;
			productType = "com.apple.product-type.application";
		};
		6C06E9B21FF36C9C0054B339 /* qzhAppTests */ = {
			isa = PBXNativeTarget;
			buildConfigurationList = 6C06E9CA1FF36C9D0054B339 /* Build configuration list for PBXNativeTarget "qzhAppTests" */;
			buildPhases = (
				6C06E9AF1FF36C9C0054B339 /* Sources */,
				6C06E9B01FF36C9C0054B339 /* Frameworks */,
				6C06E9B11FF36C9C0054B339 /* Resources */,
			);
			buildRules = (
			);
			dependencies = (
				6C06E9B51FF36C9C0054B339 /* PBXTargetDependency */,
			);
			name = qzhAppTests;
			productName = qzhAppTests;
			productReference = 6C06E9B31FF36C9C0054B339 /* qzhAppTests.xctest */;
			productType = "com.apple.product-type.bundle.unit-test";
		};
		6C06E9BD1FF36C9C0054B339 /* qzhAppUITests */ = {
			isa = PBXNativeTarget;
			buildConfigurationList = 6C06E9CD1FF36C9D0054B339 /* Build configuration list for PBXNativeTarget "qzhAppUITests" */;
			buildPhases = (
				6C06E9BA1FF36C9C0054B339 /* Sources */,
				6C06E9BB1FF36C9C0054B339 /* Frameworks */,
				6C06E9BC1FF36C9C0054B339 /* Resources */,
			);
			buildRules = (
			);
			dependencies = (
				6C06E9C01FF36C9C0054B339 /* PBXTargetDependency */,
			);
			name = qzhAppUITests;
			productName = qzhAppUITests;
			productReference = 6C06E9BE1FF36C9C0054B339 /* qzhAppUITests.xctest */;
			productType = "com.apple.product-type.bundle.ui-testing";
		};
/* End PBXNativeTarget section */

/* Begin PBXProject section */
		6C06E9971FF36C9C0054B339 /* Project object */ = {
			isa = PBXProject;
			attributes = {
				CLASSPREFIX = QZH;
				LastSwiftUpdateCheck = 0830;
				LastUpgradeCheck = 0830;
				ORGANIZATIONNAME = SpecialTech;
				TargetAttributes = {
					6C06E99E1FF36C9C0054B339 = {
						CreatedOnToolsVersion = 8.3.3;
						DevelopmentTeam = 8A9325463Y;
						LastSwiftMigration = 0830;
						ProvisioningStyle = Automatic;
					};
					6C06E9B21FF36C9C0054B339 = {
						CreatedOnToolsVersion = 8.3.3;
						DevelopmentTeam = 8A9325463Y;
						LastSwiftMigration = 0830;
						ProvisioningStyle = Automatic;
						TestTargetID = 6C06E99E1FF36C9C0054B339;
					};
					6C06E9BD1FF36C9C0054B339 = {
						CreatedOnToolsVersion = 8.3.3;
						DevelopmentTeam = 8A9325463Y;
						LastSwiftMigration = 0830;
						ProvisioningStyle = Automatic;
						TestTargetID = 6C06E99E1FF36C9C0054B339;
					};
				};
			};
			buildConfigurationList = 6C06E99A1FF36C9C0054B339 /* Build configuration list for PBXProject "qzhApp" */;
			compatibilityVersion = "Xcode 3.2";
			developmentRegion = English;
			hasScannedForEncodings = 0;
			knownRegions = (
				en,
				Base,
			);
			mainGroup = 6C06E9961FF36C9C0054B339;
			productRefGroup = 6C06E9A01FF36C9C0054B339 /* Products */;
			projectDirPath = "";
			projectReferences = (
				{
					ProductGroup = 6C123CE81FF4B9D30043EA67 /* Products */;
					ProjectRef = 6C123CE71FF4B9D30043EA67 /* Alamofire.xcodeproj */;
				},
				{
					ProductGroup = 6C98C3291FF4E22800F598CB /* Products */;
					ProjectRef = 6C98C3281FF4E22800F598CB /* Rx.xcodeproj */;
				},
			);
			projectRoot = "";
			targets = (
				6C06E99E1FF36C9C0054B339 /* qzhApp */,
				6C06E9B21FF36C9C0054B339 /* qzhAppTests */,
				6C06E9BD1FF36C9C0054B339 /* qzhAppUITests */,
			);
		};
/* End PBXProject section */

/* Begin PBXReferenceProxy section */
		6C123CF31FF4B9D30043EA67 /* Alamofire.framework */ = {
			isa = PBXReferenceProxy;
			fileType = wrapper.framework;
			path = Alamofire.framework;
			remoteRef = 6C123CF21FF4B9D30043EA67 /* PBXContainerItemProxy */;
			sourceTree = BUILT_PRODUCTS_DIR;
		};
		6C123CF51FF4B9D30043EA67 /* Alamofire iOS Tests.xctest */ = {
			isa = PBXReferenceProxy;
			fileType = wrapper.cfbundle;
			path = "Alamofire iOS Tests.xctest";
			remoteRef = 6C123CF41FF4B9D30043EA67 /* PBXContainerItemProxy */;
			sourceTree = BUILT_PRODUCTS_DIR;
		};
		6C123CF71FF4B9D30043EA67 /* Alamofire.framework */ = {
			isa = PBXReferenceProxy;
			fileType = wrapper.framework;
			path = Alamofire.framework;
			remoteRef = 6C123CF61FF4B9D30043EA67 /* PBXContainerItemProxy */;
			sourceTree = BUILT_PRODUCTS_DIR;
		};
		6C123CF91FF4B9D30043EA67 /* Alamofire macOS Tests.xctest */ = {
			isa = PBXReferenceProxy;
			fileType = wrapper.cfbundle;
			path = "Alamofire macOS Tests.xctest";
			remoteRef = 6C123CF81FF4B9D30043EA67 /* PBXContainerItemProxy */;
			sourceTree = BUILT_PRODUCTS_DIR;
		};
		6C123CFB1FF4B9D30043EA67 /* Alamofire.framework */ = {
			isa = PBXReferenceProxy;
			fileType = wrapper.framework;
			path = Alamofire.framework;
			remoteRef = 6C123CFA1FF4B9D30043EA67 /* PBXContainerItemProxy */;
			sourceTree = BUILT_PRODUCTS_DIR;
		};
		6C123CFD1FF4B9D30043EA67 /* Alamofire tvOS Tests.xctest */ = {
			isa = PBXReferenceProxy;
			fileType = wrapper.cfbundle;
			path = "Alamofire tvOS Tests.xctest";
			remoteRef = 6C123CFC1FF4B9D30043EA67 /* PBXContainerItemProxy */;
			sourceTree = BUILT_PRODUCTS_DIR;
		};
		6C123CFF1FF4B9D30043EA67 /* Alamofire.framework */ = {
			isa = PBXReferenceProxy;
			fileType = wrapper.framework;
			path = Alamofire.framework;
			remoteRef = 6C123CFE1FF4B9D30043EA67 /* PBXContainerItemProxy */;
			sourceTree = BUILT_PRODUCTS_DIR;
		};
		6C98C3411FF4E22900F598CB /* RxSwift.framework */ = {
			isa = PBXReferenceProxy;
			fileType = wrapper.framework;
			path = RxSwift.framework;
			remoteRef = 6C98C3401FF4E22900F598CB /* PBXContainerItemProxy */;
			sourceTree = BUILT_PRODUCTS_DIR;
		};
		6C98C3431FF4E22900F598CB /* RxSwift.framework */ = {
			isa = PBXReferenceProxy;
			fileType = wrapper.framework;
			path = RxSwift.framework;
			remoteRef = 6C98C3421FF4E22900F598CB /* PBXContainerItemProxy */;
			sourceTree = BUILT_PRODUCTS_DIR;
		};
		6C98C3451FF4E22900F598CB /* RxSwift.framework */ = {
			isa = PBXReferenceProxy;
			fileType = wrapper.framework;
			path = RxSwift.framework;
			remoteRef = 6C98C3441FF4E22900F598CB /* PBXContainerItemProxy */;
			sourceTree = BUILT_PRODUCTS_DIR;
		};
		6C98C3471FF4E22900F598CB /* RxSwift.framework */ = {
			isa = PBXReferenceProxy;
			fileType = wrapper.framework;
			path = RxSwift.framework;
			remoteRef = 6C98C3461FF4E22900F598CB /* PBXContainerItemProxy */;
			sourceTree = BUILT_PRODUCTS_DIR;
		};
		6C98C3491FF4E22900F598CB /* RxCocoa.framework */ = {
			isa = PBXReferenceProxy;
			fileType = wrapper.framework;
			path = RxCocoa.framework;
			remoteRef = 6C98C3481FF4E22900F598CB /* PBXContainerItemProxy */;
			sourceTree = BUILT_PRODUCTS_DIR;
		};
		6C98C34B1FF4E22900F598CB /* RxCocoa.framework */ = {
			isa = PBXReferenceProxy;
			fileType = wrapper.framework;
			path = RxCocoa.framework;
			remoteRef = 6C98C34A1FF4E22900F598CB /* PBXContainerItemProxy */;
			sourceTree = BUILT_PRODUCTS_DIR;
		};
		6C98C34D1FF4E22900F598CB /* RxCocoa.framework */ = {
			isa = PBXReferenceProxy;
			fileType = wrapper.framework;
			path = RxCocoa.framework;
			remoteRef = 6C98C34C1FF4E22900F598CB /* PBXContainerItemProxy */;
			sourceTree = BUILT_PRODUCTS_DIR;
		};
		6C98C34F1FF4E22900F598CB /* RxCocoa.framework */ = {
			isa = PBXReferenceProxy;
			fileType = wrapper.framework;
			path = RxCocoa.framework;
			remoteRef = 6C98C34E1FF4E22900F598CB /* PBXContainerItemProxy */;
			sourceTree = BUILT_PRODUCTS_DIR;
		};
		6C98C3511FF4E22900F598CB /* RxBlocking.framework */ = {
			isa = PBXReferenceProxy;
			fileType = wrapper.framework;
			path = RxBlocking.framework;
			remoteRef = 6C98C3501FF4E22900F598CB /* PBXContainerItemProxy */;
			sourceTree = BUILT_PRODUCTS_DIR;
		};
		6C98C3531FF4E22900F598CB /* RxBlocking.framework */ = {
			isa = PBXReferenceProxy;
			fileType = wrapper.framework;
			path = RxBlocking.framework;
			remoteRef = 6C98C3521FF4E22900F598CB /* PBXContainerItemProxy */;
			sourceTree = BUILT_PRODUCTS_DIR;
		};
		6C98C3551FF4E22900F598CB /* RxBlocking.framework */ = {
			isa = PBXReferenceProxy;
			fileType = wrapper.framework;
			path = RxBlocking.framework;
			remoteRef = 6C98C3541FF4E22900F598CB /* PBXContainerItemProxy */;
			sourceTree = BUILT_PRODUCTS_DIR;
		};
		6C98C3571FF4E22900F598CB /* RxBlocking.framework */ = {
			isa = PBXReferenceProxy;
			fileType = wrapper.framework;
			path = RxBlocking.framework;
			remoteRef = 6C98C3561FF4E22900F598CB /* PBXContainerItemProxy */;
			sourceTree = BUILT_PRODUCTS_DIR;
		};
		6C98C3591FF4E22900F598CB /* RxTest.framework */ = {
			isa = PBXReferenceProxy;
			fileType = wrapper.framework;
			path = RxTest.framework;
			remoteRef = 6C98C3581FF4E22900F598CB /* PBXContainerItemProxy */;
			sourceTree = BUILT_PRODUCTS_DIR;
		};
		6C98C35B1FF4E22900F598CB /* RxTest.framework */ = {
			isa = PBXReferenceProxy;
			fileType = wrapper.framework;
			path = RxTest.framework;
			remoteRef = 6C98C35A1FF4E22900F598CB /* PBXContainerItemProxy */;
			sourceTree = BUILT_PRODUCTS_DIR;
		};
		6C98C35D1FF4E22900F598CB /* RxTest.framework */ = {
			isa = PBXReferenceProxy;
			fileType = wrapper.framework;
			path = RxTest.framework;
			remoteRef = 6C98C35C1FF4E22900F598CB /* PBXContainerItemProxy */;
			sourceTree = BUILT_PRODUCTS_DIR;
		};
		6C98C35F1FF4E22900F598CB /* RxTest.framework */ = {
			isa = PBXReferenceProxy;
			fileType = wrapper.framework;
			path = RxTest.framework;
			remoteRef = 6C98C35E1FF4E22900F598CB /* PBXContainerItemProxy */;
			sourceTree = BUILT_PRODUCTS_DIR;
		};
		6C98C3611FF4E22900F598CB /* AllTests-iOS.xctest */ = {
			isa = PBXReferenceProxy;
			fileType = wrapper.cfbundle;
			path = "AllTests-iOS.xctest";
			remoteRef = 6C98C3601FF4E22900F598CB /* PBXContainerItemProxy */;
			sourceTree = BUILT_PRODUCTS_DIR;
		};
		6C98C3631FF4E22900F598CB /* AllTests-tvOS.xctest */ = {
			isa = PBXReferenceProxy;
			fileType = wrapper.cfbundle;
			path = "AllTests-tvOS.xctest";
			remoteRef = 6C98C3621FF4E22900F598CB /* PBXContainerItemProxy */;
			sourceTree = BUILT_PRODUCTS_DIR;
		};
		6C98C3651FF4E22900F598CB /* AllTests-macOS.xctest */ = {
			isa = PBXReferenceProxy;
			fileType = wrapper.cfbundle;
			path = "AllTests-macOS.xctest";
			remoteRef = 6C98C3641FF4E22900F598CB /* PBXContainerItemProxy */;
			sourceTree = BUILT_PRODUCTS_DIR;
		};
		6C98C3671FF4E22900F598CB /* PerformanceTests.app */ = {
			isa = PBXReferenceProxy;
			fileType = wrapper.application;
			name = PerformanceTests.app;
			path = Microoptimizations.app;
			remoteRef = 6C98C3661FF4E22900F598CB /* PBXContainerItemProxy */;
			sourceTree = BUILT_PRODUCTS_DIR;
		};
		6C98C3691FF4E22900F598CB /* Benchmarks.xctest */ = {
			isa = PBXReferenceProxy;
			fileType = wrapper.cfbundle;
			path = Benchmarks.xctest;
			remoteRef = 6C98C3681FF4E22900F598CB /* PBXContainerItemProxy */;
			sourceTree = BUILT_PRODUCTS_DIR;
		};
/* End PBXReferenceProxy section */

/* Begin PBXResourcesBuildPhase section */
		6C06E99D1FF36C9C0054B339 /* Resources */ = {
			isa = PBXResourcesBuildPhase;
			buildActionMask = 2147483647;
			files = (
				6C4D9CE72003024500F2D22F /* main.json in Resources */,
				6C0C3D072005B74D00AD40D9 /* QZHEnterprisePortalStatusCell.xib in Resources */,
				6C06EBB61FF370750054B339 /* Info.plist in Resources */,
				6C3DD2351FFB82200022E582 /* address.plist in Resources */,
				6C06EAB91FF36D710054B339 /* Assets.xcassets in Resources */,
				6C06EB6B1FF36D710054B339 /* LaunchScreen.storyboard in Resources */,
				6C06EB6C1FF36D710054B339 /* Main.storyboard in Resources */,
			);
			runOnlyForDeploymentPostprocessing = 0;
		};
		6C06E9B11FF36C9C0054B339 /* Resources */ = {
			isa = PBXResourcesBuildPhase;
			buildActionMask = 2147483647;
			files = (
			);
			runOnlyForDeploymentPostprocessing = 0;
		};
		6C06E9BC1FF36C9C0054B339 /* Resources */ = {
			isa = PBXResourcesBuildPhase;
			buildActionMask = 2147483647;
			files = (
			);
			runOnlyForDeploymentPostprocessing = 0;
		};
/* End PBXResourcesBuildPhase section */

/* Begin PBXShellScriptBuildPhase section */
		679743E8948B15674B2DA5F8 /* [CP] Check Pods Manifest.lock */ = {
			isa = PBXShellScriptBuildPhase;
			buildActionMask = 2147483647;
			files = (
			);
			inputPaths = (
				"${PODS_PODFILE_DIR_PATH}/Podfile.lock",
				"${PODS_ROOT}/Manifest.lock",
			);
			name = "[CP] Check Pods Manifest.lock";
			outputPaths = (
				"$(DERIVED_FILE_DIR)/Pods-qzhApp-checkManifestLockResult.txt",
			);
			runOnlyForDeploymentPostprocessing = 0;
			shellPath = /bin/sh;
			shellScript = "diff \"${PODS_PODFILE_DIR_PATH}/Podfile.lock\" \"${PODS_ROOT}/Manifest.lock\" > /dev/null\nif [ $? != 0 ] ; then\n    # print error to STDERR\n    echo \"error: The sandbox is not in sync with the Podfile.lock. Run 'pod install' or update your CocoaPods installation.\" >&2\n    exit 1\nfi\n# This output is used by Xcode 'outputs' to avoid re-running this script phase.\necho \"SUCCESS\" > \"${SCRIPT_OUTPUT_FILE_0}\"\n";
			showEnvVarsInLog = 0;
		};
		773BD8705371DECC62C23D23 /* [CP] Embed Pods Frameworks */ = {
			isa = PBXShellScriptBuildPhase;
			buildActionMask = 2147483647;
			files = (
			);
			inputPaths = (
				"${SRCROOT}/Pods/Target Support Files/Pods-qzhApp/Pods-qzhApp-frameworks.sh",
				"${BUILT_PRODUCTS_DIR}/AFNetworking/AFNetworking.framework",
				"${BUILT_PRODUCTS_DIR}/FMDB/FMDB.framework",
				"${BUILT_PRODUCTS_DIR}/SDWebImage/SDWebImage.framework",
				"${BUILT_PRODUCTS_DIR}/SVProgressHUD/SVProgressHUD.framework",
				"${BUILT_PRODUCTS_DIR}/YYModel/YYModel.framework",
				"${BUILT_PRODUCTS_DIR}/pop/pop.framework",
			);
			name = "[CP] Embed Pods Frameworks";
			outputPaths = (
				"${TARGET_BUILD_DIR}/${FRAMEWORKS_FOLDER_PATH}/AFNetworking.framework",
				"${TARGET_BUILD_DIR}/${FRAMEWORKS_FOLDER_PATH}/FMDB.framework",
				"${TARGET_BUILD_DIR}/${FRAMEWORKS_FOLDER_PATH}/SDWebImage.framework",
				"${TARGET_BUILD_DIR}/${FRAMEWORKS_FOLDER_PATH}/SVProgressHUD.framework",
				"${TARGET_BUILD_DIR}/${FRAMEWORKS_FOLDER_PATH}/YYModel.framework",
				"${TARGET_BUILD_DIR}/${FRAMEWORKS_FOLDER_PATH}/pop.framework",
			);
			runOnlyForDeploymentPostprocessing = 0;
			shellPath = /bin/sh;
			shellScript = "\"${SRCROOT}/Pods/Target Support Files/Pods-qzhApp/Pods-qzhApp-frameworks.sh\"\n";
			showEnvVarsInLog = 0;
		};
		935C3FD02AF2396EE091AA74 /* [CP] Copy Pods Resources */ = {
			isa = PBXShellScriptBuildPhase;
			buildActionMask = 2147483647;
			files = (
			);
			inputPaths = (
			);
			name = "[CP] Copy Pods Resources";
			outputPaths = (
			);
			runOnlyForDeploymentPostprocessing = 0;
			shellPath = /bin/sh;
			shellScript = "\"${SRCROOT}/Pods/Target Support Files/Pods-qzhApp/Pods-qzhApp-resources.sh\"\n";
			showEnvVarsInLog = 0;
		};
/* End PBXShellScriptBuildPhase section */

/* Begin PBXSourcesBuildPhase section */
		6C06E99B1FF36C9C0054B339 /* Sources */ = {
			isa = PBXSourcesBuildPhase;
			buildActionMask = 2147483647;
			files = (
				6C4D77B91FFC5EF500581221 /* EnterprisePortalController.swift in Sources */,
				6C0C3CCC20049F8B00AD40D9 /* QZHNetworkManager.swift in Sources */,
				6C06EBF21FF3779A0054B339 /* MenuController.swift in Sources */,
				6C4D9CF02003222100F2D22F /* QZHHomeViewController.swift in Sources */,
				6C06EBEA1FF3750C0054B339 /* PublicFunc.swift in Sources */,
				6C0C3D1C2005F40400AD40D9 /* QZHEnterprisePortalCompanyViewModel.swift in Sources */,
				6C122DAA1FF498BF0043EA67 /* labelView.swift in Sources */,
				6C98C3761FF4EE3B00F598CB /* EnterprisePortalView.swift in Sources */,
				6C0C3CF82004C2AC00AD40D9 /* QZHEnterprisePortalViewModel.swift in Sources */,
				6C4D9D3E20033B5D00F2D22F /* NSObject+CZRuntime.m in Sources */,
				6C4D9D3D20033B5D00F2D22F /* NSAttributedString+CZAdditon.m in Sources */,
				6C06EBF41FF3792F0054B339 /* MyColor.swift in Sources */,
				6C122DA81FF47D4B0043EA67 /* EnterprisePortalViewModel.swift in Sources */,
				6C06EBB91FF370830054B339 /* AppDelegate.swift in Sources */,
				6CDF02B31FF60B8D00EFB5A7 /* protocol.swift in Sources */,
				6C4D9D4120033B5D00F2D22F /* NSString+CZPath.m in Sources */,
				6C4D9D3C20033B5D00F2D22F /* NSArray+Log.m in Sources */,
				6C4D9D4620033B5D00F2D22F /* UIView+CZAddition.m in Sources */,
				6C06EBE81FF374A30054B339 /* HeaderController.swift in Sources */,
				6C4D9CEC2003215700F2D22F /* QZHNavigationCobtroller.swift in Sources */,
				6C3DD2361FFB82200022E582 /* provincesThreeLevelCascade.swift in Sources */,
				6C4D9D4520033B5D00F2D22F /* UIScreen+CZAddition.m in Sources */,
				6C4D77D51FFC63AC00581221 /* companyInfoViewModel.swift in Sources */,
				6C4D9D4720033B5D00F2D22F /* UIViewController+CZAddition.m in Sources */,
				6C4D9CEE200321A600F2D22F /* QZHBaseViewController.swift in Sources */,
				6CDF02B91FF61E2D00EFB5A7 /* Public.swift in Sources */,
				6CDF02AF1FF5ECC300EFB5A7 /* scrolliew.swift in Sources */,
				6C0C3CAB200496D800AD40D9 /* QZHVisitorView.swift in Sources */,
				6C06EBEE1FF376A40054B339 /* imgClass.swift in Sources */,
				6C4D9D4020033B5D00F2D22F /* NSString+CZHash.m in Sources */,
				6C06EBF01FF377070054B339 /* PublicButton.swift in Sources */,
				6C06E9A51FF36C9C0054B339 /* ViewController.swift in Sources */,
				6C4D9D4820033B5D00F2D22F /* Bundle+Extensions.swift in Sources */,
				6CFD403B1FFCD93300B36D74 /* pickerView.swift in Sources */,
				6C0C3D052005B72800AD40D9 /* QZHEnterprisePortalStatusCell.swift in Sources */,
				6C0C3CF62004C29F00AD40D9 /* QZHEnterprisePortalModel.swift in Sources */,
				6C0C3CF02004BDBF00AD40D9 /* QZHStatus.swift in Sources */,
				6CDF02931FF5E42400EFB5A7 /* tabelViewController.swift in Sources */,
				6C06EBD91FF3718D0054B339 /* NetWork.swift in Sources */,
				6C98C3781FF4F0CF00F598CB /* viewController.swift in Sources */,
				6C4D9D3F20033B5D00F2D22F /* NSString+CZBase64.m in Sources */,
				6C0C3CD42004B19400AD40D9 /* QZHNetworkManager_Extension.swift in Sources */,
				6C0F6D6B200728E300CA1509 /* QZHCommon.swift in Sources */,
				6C4D9D5320035E2000F2D22F /* UIBarButtonItem+Extensions.swift in Sources */,
				6C4D9D4320033B5D00F2D22F /* UIColor+CZAddition.m in Sources */,
				6C4D9CF42003237B00F2D22F /* QZHMainViewController.swift in Sources */,
				6C06EBEC1FF375F20054B339 /* CacheFunc.swift in Sources */,
				6C4D9D4420033B5D00F2D22F /* UILabel+CZAddition.m in Sources */,
				6C4D9D4220033B5D00F2D22F /* UIButton+CZAddition.m in Sources */,
				6C4D77B81FFC5EF500581221 /* companyInfo.swift in Sources */,
				6C4D9D5120034D8800F2D22F /* QZHDemoViewController.swift in Sources */,
				6C0C3CFA20059F0200AD40D9 /* QZHEnterprisePortalViewController.swift in Sources */,
			);
			runOnlyForDeploymentPostprocessing = 0;
		};
		6C06E9AF1FF36C9C0054B339 /* Sources */ = {
			isa = PBXSourcesBuildPhase;
			buildActionMask = 2147483647;
			files = (
				6C06E9B81FF36C9C0054B339 /* qzhAppTests.swift in Sources */,
			);
			runOnlyForDeploymentPostprocessing = 0;
		};
		6C06E9BA1FF36C9C0054B339 /* Sources */ = {
			isa = PBXSourcesBuildPhase;
			buildActionMask = 2147483647;
			files = (
				6C06E9C31FF36C9D0054B339 /* qzhAppUITests.swift in Sources */,
			);
			runOnlyForDeploymentPostprocessing = 0;
		};
/* End PBXSourcesBuildPhase section */

/* Begin PBXTargetDependency section */
		6C06E9B51FF36C9C0054B339 /* PBXTargetDependency */ = {
			isa = PBXTargetDependency;
			target = 6C06E99E1FF36C9C0054B339 /* qzhApp */;
			targetProxy = 6C06E9B41FF36C9C0054B339 /* PBXContainerItemProxy */;
		};
		6C06E9C01FF36C9C0054B339 /* PBXTargetDependency */ = {
			isa = PBXTargetDependency;
			target = 6C06E99E1FF36C9C0054B339 /* qzhApp */;
			targetProxy = 6C06E9BF1FF36C9C0054B339 /* PBXContainerItemProxy */;
		};
		6C123D521FF4BA240043EA67 /* PBXTargetDependency */ = {
			isa = PBXTargetDependency;
			name = "Alamofire iOS";
			targetProxy = 6C123D511FF4BA240043EA67 /* PBXContainerItemProxy */;
		};
		6C98C36D1FF4E23700F598CB /* PBXTargetDependency */ = {
			isa = PBXTargetDependency;
			name = "RxSwift-iOS";
			targetProxy = 6C98C36C1FF4E23700F598CB /* PBXContainerItemProxy */;
		};
		6C98C3711FF4E25E00F598CB /* PBXTargetDependency */ = {
			isa = PBXTargetDependency;
			name = "RxCocoa-iOS";
			targetProxy = 6C98C3701FF4E25E00F598CB /* PBXContainerItemProxy */;
		};
/* End PBXTargetDependency section */

/* Begin PBXVariantGroup section */
		6C06EAB41FF36D710054B339 /* LaunchScreen.storyboard */ = {
			isa = PBXVariantGroup;
			children = (
				6C06EAB51FF36D710054B339 /* Base */,
			);
			name = LaunchScreen.storyboard;
			sourceTree = "<group>";
		};
		6C06EAB61FF36D710054B339 /* Main.storyboard */ = {
			isa = PBXVariantGroup;
			children = (
				6C06EAB71FF36D710054B339 /* Base */,
			);
			name = Main.storyboard;
			sourceTree = "<group>";
		};
/* End PBXVariantGroup section */

/* Begin XCBuildConfiguration section */
		6C06E9C51FF36C9D0054B339 /* Debug */ = {
			isa = XCBuildConfiguration;
			buildSettings = {
				ALWAYS_SEARCH_USER_PATHS = NO;
				CLANG_ANALYZER_NONNULL = YES;
				CLANG_ANALYZER_NUMBER_OBJECT_CONVERSION = YES_AGGRESSIVE;
				CLANG_CXX_LANGUAGE_STANDARD = "gnu++0x";
				CLANG_CXX_LIBRARY = "libc++";
				CLANG_ENABLE_MODULES = YES;
				CLANG_ENABLE_OBJC_ARC = YES;
				CLANG_WARN_BOOL_CONVERSION = YES;
				CLANG_WARN_CONSTANT_CONVERSION = YES;
				CLANG_WARN_DIRECT_OBJC_ISA_USAGE = YES_ERROR;
				CLANG_WARN_DOCUMENTATION_COMMENTS = YES;
				CLANG_WARN_EMPTY_BODY = YES;
				CLANG_WARN_ENUM_CONVERSION = YES;
				CLANG_WARN_INFINITE_RECURSION = YES;
				CLANG_WARN_INT_CONVERSION = YES;
				CLANG_WARN_OBJC_ROOT_CLASS = YES_ERROR;
				CLANG_WARN_SUSPICIOUS_MOVE = YES;
				CLANG_WARN_UNREACHABLE_CODE = YES;
				CLANG_WARN__DUPLICATE_METHOD_MATCH = YES;
				CODE_SIGN_IDENTITY = "iPhone Developer";
				"CODE_SIGN_IDENTITY[sdk=iphoneos*]" = "iPhone Developer";
				COPY_PHASE_STRIP = NO;
				DEBUG_INFORMATION_FORMAT = dwarf;
				ENABLE_STRICT_OBJC_MSGSEND = YES;
				ENABLE_TESTABILITY = YES;
				GCC_C_LANGUAGE_STANDARD = gnu99;
				GCC_DYNAMIC_NO_PIC = NO;
				GCC_NO_COMMON_BLOCKS = YES;
				GCC_OPTIMIZATION_LEVEL = 0;
				GCC_PREPROCESSOR_DEFINITIONS = (
					"DEBUG=1",
					"$(inherited)",
				);
				GCC_WARN_64_TO_32_BIT_CONVERSION = YES;
				GCC_WARN_ABOUT_RETURN_TYPE = YES_ERROR;
				GCC_WARN_UNDECLARED_SELECTOR = YES;
				GCC_WARN_UNINITIALIZED_AUTOS = YES_AGGRESSIVE;
				GCC_WARN_UNUSED_FUNCTION = YES;
				GCC_WARN_UNUSED_VARIABLE = YES;
				IPHONEOS_DEPLOYMENT_TARGET = 10.3;
				MTL_ENABLE_DEBUG_INFO = YES;
				ONLY_ACTIVE_ARCH = YES;
				SDKROOT = iphoneos;
				SWIFT_ACTIVE_COMPILATION_CONDITIONS = DEBUG;
				SWIFT_OPTIMIZATION_LEVEL = "-Onone";
			};
			name = Debug;
		};
		6C06E9C61FF36C9D0054B339 /* Release */ = {
			isa = XCBuildConfiguration;
			buildSettings = {
				ALWAYS_SEARCH_USER_PATHS = NO;
				CLANG_ANALYZER_NONNULL = YES;
				CLANG_ANALYZER_NUMBER_OBJECT_CONVERSION = YES_AGGRESSIVE;
				CLANG_CXX_LANGUAGE_STANDARD = "gnu++0x";
				CLANG_CXX_LIBRARY = "libc++";
				CLANG_ENABLE_MODULES = YES;
				CLANG_ENABLE_OBJC_ARC = YES;
				CLANG_WARN_BOOL_CONVERSION = YES;
				CLANG_WARN_CONSTANT_CONVERSION = YES;
				CLANG_WARN_DIRECT_OBJC_ISA_USAGE = YES_ERROR;
				CLANG_WARN_DOCUMENTATION_COMMENTS = YES;
				CLANG_WARN_EMPTY_BODY = YES;
				CLANG_WARN_ENUM_CONVERSION = YES;
				CLANG_WARN_INFINITE_RECURSION = YES;
				CLANG_WARN_INT_CONVERSION = YES;
				CLANG_WARN_OBJC_ROOT_CLASS = YES_ERROR;
				CLANG_WARN_SUSPICIOUS_MOVE = YES;
				CLANG_WARN_UNREACHABLE_CODE = YES;
				CLANG_WARN__DUPLICATE_METHOD_MATCH = YES;
				CODE_SIGN_IDENTITY = "iPhone Developer";
				"CODE_SIGN_IDENTITY[sdk=iphoneos*]" = "iPhone Developer";
				COPY_PHASE_STRIP = NO;
				DEBUG_INFORMATION_FORMAT = "dwarf-with-dsym";
				ENABLE_NS_ASSERTIONS = NO;
				ENABLE_STRICT_OBJC_MSGSEND = YES;
				GCC_C_LANGUAGE_STANDARD = gnu99;
				GCC_NO_COMMON_BLOCKS = YES;
				GCC_WARN_64_TO_32_BIT_CONVERSION = YES;
				GCC_WARN_ABOUT_RETURN_TYPE = YES_ERROR;
				GCC_WARN_UNDECLARED_SELECTOR = YES;
				GCC_WARN_UNINITIALIZED_AUTOS = YES_AGGRESSIVE;
				GCC_WARN_UNUSED_FUNCTION = YES;
				GCC_WARN_UNUSED_VARIABLE = YES;
				IPHONEOS_DEPLOYMENT_TARGET = 10.3;
				MTL_ENABLE_DEBUG_INFO = NO;
				SDKROOT = iphoneos;
				SWIFT_OPTIMIZATION_LEVEL = "-Owholemodule";
				VALIDATE_PRODUCT = YES;
			};
			name = Release;
		};
		6C06E9C81FF36C9D0054B339 /* Debug */ = {
			isa = XCBuildConfiguration;
			baseConfigurationReference = C29A06AC5BCD643212BAD8F2 /* Pods-qzhApp.debug.xcconfig */;
			buildSettings = {
				ALWAYS_EMBED_SWIFT_STANDARD_LIBRARIES = YES;
				ASSETCATALOG_COMPILER_APPICON_NAME = AppIcon;
				CODE_SIGN_IDENTITY = "iPhone Developer";
				DEVELOPMENT_TEAM = 8A9325463Y;
				GCC_OPTIMIZATION_LEVEL = 1;
				INFOPLIST_FILE = "$(SRCROOT)/qzhApp/Common/Info.plist";
				LD_RUNPATH_SEARCH_PATHS = "$(inherited) @executable_path/Frameworks";
				PRODUCT_BUNDLE_IDENTIFIER = com.qzh360.app.qzhApp;
				PRODUCT_NAME = "$(TARGET_NAME)";
				SWIFT_OBJC_BRIDGING_HEADER = "qzhApp/qzh-bridge.h";
				SWIFT_VERSION = 3.0;
			};
			name = Debug;
		};
		6C06E9C91FF36C9D0054B339 /* Release */ = {
			isa = XCBuildConfiguration;
			baseConfigurationReference = E8CB0F7A3B181478B1D1B258 /* Pods-qzhApp.release.xcconfig */;
			buildSettings = {
				ALWAYS_EMBED_SWIFT_STANDARD_LIBRARIES = YES;
				ASSETCATALOG_COMPILER_APPICON_NAME = AppIcon;
				CODE_SIGN_IDENTITY = "iPhone Developer";
				DEVELOPMENT_TEAM = 8A9325463Y;
				GCC_OPTIMIZATION_LEVEL = 1;
				INFOPLIST_FILE = "$(SRCROOT)/qzhApp/Common/Info.plist";
				LD_RUNPATH_SEARCH_PATHS = "$(inherited) @executable_path/Frameworks";
				PRODUCT_BUNDLE_IDENTIFIER = com.qzh360.app.qzhApp;
				PRODUCT_NAME = "$(TARGET_NAME)";
				SWIFT_OBJC_BRIDGING_HEADER = "qzhApp/qzh-bridge.h";
				SWIFT_VERSION = 3.0;
			};
			name = Release;
		};
		6C06E9CB1FF36C9D0054B339 /* Debug */ = {
			isa = XCBuildConfiguration;
			buildSettings = {
				ALWAYS_EMBED_SWIFT_STANDARD_LIBRARIES = YES;
				BUNDLE_LOADER = "$(TEST_HOST)";
				DEVELOPMENT_TEAM = 8A9325463Y;
				INFOPLIST_FILE = qzhAppTests/Info.plist;
				LD_RUNPATH_SEARCH_PATHS = "$(inherited) @executable_path/Frameworks @loader_path/Frameworks";
				PRODUCT_BUNDLE_IDENTIFIER = com.qzh360.app.qzhAppTests;
				PRODUCT_NAME = "$(TARGET_NAME)";
				SWIFT_VERSION = 3.0;
				TEST_HOST = "$(BUILT_PRODUCTS_DIR)/qzhApp.app/qzhApp";
			};
			name = Debug;
		};
		6C06E9CC1FF36C9D0054B339 /* Release */ = {
			isa = XCBuildConfiguration;
			buildSettings = {
				ALWAYS_EMBED_SWIFT_STANDARD_LIBRARIES = YES;
				BUNDLE_LOADER = "$(TEST_HOST)";
				DEVELOPMENT_TEAM = 8A9325463Y;
				INFOPLIST_FILE = qzhAppTests/Info.plist;
				LD_RUNPATH_SEARCH_PATHS = "$(inherited) @executable_path/Frameworks @loader_path/Frameworks";
				PRODUCT_BUNDLE_IDENTIFIER = com.qzh360.app.qzhAppTests;
				PRODUCT_NAME = "$(TARGET_NAME)";
				SWIFT_VERSION = 3.0;
				TEST_HOST = "$(BUILT_PRODUCTS_DIR)/qzhApp.app/qzhApp";
			};
			name = Release;
		};
		6C06E9CE1FF36C9D0054B339 /* Debug */ = {
			isa = XCBuildConfiguration;
			buildSettings = {
				ALWAYS_EMBED_SWIFT_STANDARD_LIBRARIES = YES;
				DEVELOPMENT_TEAM = 8A9325463Y;
				INFOPLIST_FILE = qzhAppUITests/Info.plist;
				LD_RUNPATH_SEARCH_PATHS = "$(inherited) @executable_path/Frameworks @loader_path/Frameworks";
				PRODUCT_BUNDLE_IDENTIFIER = com.qzh360.app.qzhAppUITests;
				PRODUCT_NAME = "$(TARGET_NAME)";
				SWIFT_VERSION = 3.0;
				TEST_TARGET_NAME = qzhApp;
			};
			name = Debug;
		};
		6C06E9CF1FF36C9D0054B339 /* Release */ = {
			isa = XCBuildConfiguration;
			buildSettings = {
				ALWAYS_EMBED_SWIFT_STANDARD_LIBRARIES = YES;
				DEVELOPMENT_TEAM = 8A9325463Y;
				INFOPLIST_FILE = qzhAppUITests/Info.plist;
				LD_RUNPATH_SEARCH_PATHS = "$(inherited) @executable_path/Frameworks @loader_path/Frameworks";
				PRODUCT_BUNDLE_IDENTIFIER = com.qzh360.app.qzhAppUITests;
				PRODUCT_NAME = "$(TARGET_NAME)";
				SWIFT_VERSION = 3.0;
				TEST_TARGET_NAME = qzhApp;
			};
			name = Release;
		};
/* End XCBuildConfiguration section */

/* Begin XCConfigurationList section */
		6C06E99A1FF36C9C0054B339 /* Build configuration list for PBXProject "qzhApp" */ = {
			isa = XCConfigurationList;
			buildConfigurations = (
				6C06E9C51FF36C9D0054B339 /* Debug */,
				6C06E9C61FF36C9D0054B339 /* Release */,
			);
			defaultConfigurationIsVisible = 0;
			defaultConfigurationName = Release;
		};
		6C06E9C71FF36C9D0054B339 /* Build configuration list for PBXNativeTarget "qzhApp" */ = {
			isa = XCConfigurationList;
			buildConfigurations = (
				6C06E9C81FF36C9D0054B339 /* Debug */,
				6C06E9C91FF36C9D0054B339 /* Release */,
			);
			defaultConfigurationIsVisible = 0;
			defaultConfigurationName = Release;
		};
		6C06E9CA1FF36C9D0054B339 /* Build configuration list for PBXNativeTarget "qzhAppTests" */ = {
			isa = XCConfigurationList;
			buildConfigurations = (
				6C06E9CB1FF36C9D0054B339 /* Debug */,
				6C06E9CC1FF36C9D0054B339 /* Release */,
			);
			defaultConfigurationIsVisible = 0;
			defaultConfigurationName = Release;
		};
		6C06E9CD1FF36C9D0054B339 /* Build configuration list for PBXNativeTarget "qzhAppUITests" */ = {
			isa = XCConfigurationList;
			buildConfigurations = (
				6C06E9CE1FF36C9D0054B339 /* Debug */,
				6C06E9CF1FF36C9D0054B339 /* Release */,
			);
			defaultConfigurationIsVisible = 0;
			defaultConfigurationName = Release;
		};
/* End XCConfigurationList section */
	};
	rootObject = 6C06E9971FF36C9C0054B339 /* Project object */;
}
